{
  "object": {
    "pins": [
      {
        "package": "Cuckoo",
        "repositoryURL": "https://github.com/Brightify/Cuckoo.git",
        "state": {
          "branch": null,
          "revision": "0ef473893cc068425c118d1cfe5629cbca1ef343",
          "version": "1.4.1"
        }
      },
      {
        "package": "JOSESwift",
        "repositoryURL": "https://github.com/airsidemobile/JOSESwift.git",
        "state": {
          "branch": null,
          "revision": "6e301dd8652aa7b3bbe4c228153cfea9843ed69e",
          "version": "2.3.1"
        }
      },
      {
        "package": "SchibstedTracking",
        "repositoryURL": "https://github.schibsted.io/spt-dataanalytics/pulse-tracker-ios",
        "state": {
          "branch": null,
          "revision": "f516e73853d618588234d2d4518412c6982a404a",
          "version": "7.0.9"
        }
      },
      {
        "package": "swift-log",
        "repositoryURL": "https://github.com/apple/swift-log.git",
        "state": {
          "branch": null,
          "revision": "5d66f7ba25daf4f94100e7022febf3c75e37a6c7",
          "version": "1.4.2"
        }
      }
    ]
  },
  "version": 1
}
