// !$*UTF8*$!
{
	archiveVersion = 1;
	classes = {
	};
	objectVersion = 52;
	objects = {

/* Begin PBXBuildFile section */
		2412D14F274BB714001F71A5 /* SimplifiedLoginManager.swift in Sources */ = {isa = PBXBuildFile; fileRef = 2412D14E274BB713001F71A5 /* SimplifiedLoginManager.swift */; };
		24209496273D025E004CF03D /* SimplifiedLoginViewController.swift in Sources */ = {isa = PBXBuildFile; fileRef = 2401AD0B273D00CF007C63A6 /* SimplifiedLoginViewController.swift */; };
		24209497273D0266004CF03D /* UserInformationView.swift in Sources */ = {isa = PBXBuildFile; fileRef = 2401AD0E273D00EA007C63A6 /* UserInformationView.swift */; };
		24209498273D0269004CF03D /* FooterView.swift in Sources */ = {isa = PBXBuildFile; fileRef = 2401AD12273D0120007C63A6 /* FooterView.swift */; };
		24209499273D026C004CF03D /* LinksView.swift in Sources */ = {isa = PBXBuildFile; fileRef = 2401AD10273D010B007C63A6 /* LinksView.swift */; };
		24240CA9278EDF9500544153 /* SimplifiedLoginManagerTests.swift in Sources */ = {isa = PBXBuildFile; fileRef = 24240CA8278EDF9500544153 /* SimplifiedLoginManagerTests.swift */; };
		243BA45F26982B7E00969355 /* MulticastDelegateTests.swift in Sources */ = {isa = PBXBuildFile; fileRef = 248440412693482900CE88F2 /* MulticastDelegateTests.swift */; };
		243BFAC32750C62500382494 /* Localizable.strings in Resources */ = {isa = PBXBuildFile; fileRef = 243BFAC12750C62500382494 /* Localizable.strings */; };
		243BFAC72750C67000382494 /* Localizable.strings in Resources */ = {isa = PBXBuildFile; fileRef = 243BFAC52750C67000382494 /* Localizable.strings */; };
		243BFACC2750D68400382494 /* Localizable.strings in Resources */ = {isa = PBXBuildFile; fileRef = 243BFACA2750D68300382494 /* Localizable.strings */; };
		243BFAD52750D75A00382494 /* Localizable.strings in Resources */ = {isa = PBXBuildFile; fileRef = 243BFAD02750D75A00382494 /* Localizable.strings */; };
		243BFAD62750D75A00382494 /* Localizable.strings in Resources */ = {isa = PBXBuildFile; fileRef = 243BFAD32750D75A00382494 /* Localizable.strings */; };
		243BFAD82750F20700382494 /* String+Localization.swift in Sources */ = {isa = PBXBuildFile; fileRef = 243BFAD72750F20700382494 /* String+Localization.swift */; };
		2449DD312677527F00FE7197 /* URLBuilder+AuthorizationRequest.swift in Sources */ = {isa = PBXBuildFile; fileRef = 2449DD302677527F00FE7197 /* URLBuilder+AuthorizationRequest.swift */; };
		2449DD5026775B6300FE7197 /* URLBuilder.swift in Sources */ = {isa = PBXBuildFile; fileRef = 2449DCAB2673633C00FE7197 /* URLBuilder.swift */; };
		244EAACA275A26DA008A1285 /* SimplifiedLoginFetcher.swift in Sources */ = {isa = PBXBuildFile; fileRef = 244EAAC8275A2688008A1285 /* SimplifiedLoginFetcher.swift */; };
		244EAACC275A2E96008A1285 /* SessionStorageTests.swift in Sources */ = {isa = PBXBuildFile; fileRef = 244EAACB275A2E96008A1285 /* SessionStorageTests.swift */; };
		244EAAD0275A39A7008A1285 /* MockSessionStorageProtocol.swift in Sources */ = {isa = PBXBuildFile; fileRef = 244EAACF275A39A7008A1285 /* MockSessionStorageProtocol.swift */; };
		2459C7A126735C41007A373B /* Package.swift in Sources */ = {isa = PBXBuildFile; fileRef = 2459C7A026735C39007A373B /* Package.swift */; };
		246B035A27071E6E0041F15A /* Client+AppTransfer.swift in Sources */ = {isa = PBXBuildFile; fileRef = 246B035927071E6E0041F15A /* Client+AppTransfer.swift */; };
		2472EA2C275E057A0037433D /* LocalizationAssets.swift in Sources */ = {isa = PBXBuildFile; fileRef = 2472EA2B275E057A0037433D /* LocalizationAssets.swift */; };
		2472EA2F275E98C50037433D /* DataModels.swift in Sources */ = {isa = PBXBuildFile; fileRef = 2472EA2E275E98C50037433D /* DataModels.swift */; };
		2473CBA02678AED60001B861 /* URLBuilderTests.swift in Sources */ = {isa = PBXBuildFile; fileRef = 2473CB9F2678AED60001B861 /* URLBuilderTests.swift */; };
		248440172692E97700CE88F2 /* ClientConfiguration.swift in Sources */ = {isa = PBXBuildFile; fileRef = 248440162692E97700CE88F2 /* ClientConfiguration.swift */; };
		24844039269347C500CE88F2 /* MulticastDelegate.swift in Sources */ = {isa = PBXBuildFile; fileRef = 24844038269347C500CE88F2 /* MulticastDelegate.swift */; };
		2489C9A526733A0900AA0A4C /* TokenHandler.swift in Sources */ = {isa = PBXBuildFile; fileRef = 2489C97F26733A0900AA0A4C /* TokenHandler.swift */; };
		2489C9A626733A0900AA0A4C /* Logging.swift in Sources */ = {isa = PBXBuildFile; fileRef = 2489C98026733A0900AA0A4C /* Logging.swift */; };
		2489C9A926733A0900AA0A4C /* LoginError.swift in Sources */ = {isa = PBXBuildFile; fileRef = 2489C98426733A0900AA0A4C /* LoginError.swift */; };
		2489C9AA26733A0900AA0A4C /* Cache.swift in Sources */ = {isa = PBXBuildFile; fileRef = 2489C98626733A0900AA0A4C /* Cache.swift */; };
		2489C9AB26733A0900AA0A4C /* Version.swift in Sources */ = {isa = PBXBuildFile; fileRef = 2489C98726733A0900AA0A4C /* Version.swift */; };
		2489C9AC26733A0900AA0A4C /* User.swift in Sources */ = {isa = PBXBuildFile; fileRef = 2489C98826733A0900AA0A4C /* User.swift */; };
		2489C9AD26733A0900AA0A4C /* AuthState.swift in Sources */ = {isa = PBXBuildFile; fileRef = 2489C98926733A0900AA0A4C /* AuthState.swift */; };
		2489C9AE26733A0900AA0A4C /* JOSEUtil.swift in Sources */ = {isa = PBXBuildFile; fileRef = 2489C98B26733A0900AA0A4C /* JOSEUtil.swift */; };
		2489C9AF26733A0900AA0A4C /* JWKS.swift in Sources */ = {isa = PBXBuildFile; fileRef = 2489C98C26733A0900AA0A4C /* JWKS.swift */; };
		2489C9B026733A0900AA0A4C /* Storage.swift in Sources */ = {isa = PBXBuildFile; fileRef = 2489C98E26733A0900AA0A4C /* Storage.swift */; };
		2489C9B126733A0900AA0A4C /* StateStorage.swift in Sources */ = {isa = PBXBuildFile; fileRef = 2489C98F26733A0900AA0A4C /* StateStorage.swift */; };
		2489C9B226733A0900AA0A4C /* UserDefaultsStorage.swift in Sources */ = {isa = PBXBuildFile; fileRef = 2489C99026733A0900AA0A4C /* UserDefaultsStorage.swift */; };
		2489C9B326733A0900AA0A4C /* LegacyKeychainSessionStorage.swift in Sources */ = {isa = PBXBuildFile; fileRef = 2489C99326733A0900AA0A4C /* LegacyKeychainSessionStorage.swift */; };
		2489C9B426733A0900AA0A4C /* MigratingKeychainCompatStorage.swift in Sources */ = {isa = PBXBuildFile; fileRef = 2489C99426733A0900AA0A4C /* MigratingKeychainCompatStorage.swift */; };
		2489C9B526733A0900AA0A4C /* LegacyKeychainTokenStorage.swift in Sources */ = {isa = PBXBuildFile; fileRef = 2489C99526733A0900AA0A4C /* LegacyKeychainTokenStorage.swift */; };
		2489C9B726733A0900AA0A4C /* KeychainSessionStorage.swift in Sources */ = {isa = PBXBuildFile; fileRef = 2489C99726733A0900AA0A4C /* KeychainSessionStorage.swift */; };
		2489C9B826733A0900AA0A4C /* SessionStorage.swift in Sources */ = {isa = PBXBuildFile; fileRef = 2489C99826733A0900AA0A4C /* SessionStorage.swift */; };
		2489C9B926733A0900AA0A4C /* URLExtensions.swift in Sources */ = {isa = PBXBuildFile; fileRef = 2489C99926733A0900AA0A4C /* URLExtensions.swift */; };
		2489C9BA26733A0900AA0A4C /* Client.swift in Sources */ = {isa = PBXBuildFile; fileRef = 2489C99A26733A0900AA0A4C /* Client.swift */; };
		2489C9BB26733A0900AA0A4C /* HTTPUtil.swift in Sources */ = {isa = PBXBuildFile; fileRef = 2489C99C26733A0900AA0A4C /* HTTPUtil.swift */; };
		2489C9BC26733A0900AA0A4C /* RetryPolicy.swift in Sources */ = {isa = PBXBuildFile; fileRef = 2489C99D26733A0900AA0A4C /* RetryPolicy.swift */; };
		2489C9BD26733A0900AA0A4C /* HTTPClientWithURLSession.swift in Sources */ = {isa = PBXBuildFile; fileRef = 2489C99E26733A0900AA0A4C /* HTTPClientWithURLSession.swift */; };
		2489C9BE26733A0900AA0A4C /* HTTPClient.swift in Sources */ = {isa = PBXBuildFile; fileRef = 2489C99F26733A0900AA0A4C /* HTTPClient.swift */; };
		2489C9BF26733A0900AA0A4C /* URLSessionProtocol.swift in Sources */ = {isa = PBXBuildFile; fileRef = 2489C9A026733A0900AA0A4C /* URLSessionProtocol.swift */; };
		2489C9C026733A0900AA0A4C /* SchibstedAccountAPIResponses.swift in Sources */ = {isa = PBXBuildFile; fileRef = 2489C9A226733A0900AA0A4C /* SchibstedAccountAPIResponses.swift */; };
		2489C9C126733A0900AA0A4C /* SchibstedAccountAPI.swift in Sources */ = {isa = PBXBuildFile; fileRef = 2489C9A326733A0900AA0A4C /* SchibstedAccountAPI.swift */; };
		2489C9C226733A0900AA0A4C /* RefreshTokenError.swift in Sources */ = {isa = PBXBuildFile; fileRef = 2489C9A426733A0900AA0A4C /* RefreshTokenError.swift */; };
		24AE1A3E26A5972600865A68 /* HTTPURLResponse+Extensions.swift in Sources */ = {isa = PBXBuildFile; fileRef = 24AE1A3D26A5972600865A68 /* HTTPURLResponse+Extensions.swift */; };
		24BF4C9E27282333008F11F3 /* TokenRefreshRequestHandlerTests.swift in Sources */ = {isa = PBXBuildFile; fileRef = 24BF4C9C2728232A008F11F3 /* TokenRefreshRequestHandlerTests.swift */; };
		24EB14702679D8C8002D9628 /* MFAType.swift in Sources */ = {isa = PBXBuildFile; fileRef = 24EB146F2679D8C8002D9628 /* MFAType.swift */; };
		24EB14882679DB3A002D9628 /* SignatureValidationError.swift in Sources */ = {isa = PBXBuildFile; fileRef = 24EB14872679DB3A002D9628 /* SignatureValidationError.swift */; };
		24EB14952679DBB9002D9628 /* IdTokenValidationError.swift in Sources */ = {isa = PBXBuildFile; fileRef = 24EB14942679DBB9002D9628 /* IdTokenValidationError.swift */; };
		24EB14F92679F882002D9628 /* NoRetries.swift in Sources */ = {isa = PBXBuildFile; fileRef = 24EB14F82679F882002D9628 /* NoRetries.swift */; };
		24EB1506267A0E44002D9628 /* APIRetryPolicy.swift in Sources */ = {isa = PBXBuildFile; fileRef = 24EB1505267A0E44002D9628 /* APIRetryPolicy.swift */; };
		24EB1512267A10C7002D9628 /* InternalSchibstedAccountAPIResponses.swift in Sources */ = {isa = PBXBuildFile; fileRef = 24EB1511267A10C7002D9628 /* InternalSchibstedAccountAPIResponses.swift */; };
		24EB151F267A17A0002D9628 /* LoginStateError.swift in Sources */ = {isa = PBXBuildFile; fileRef = 24EB151E267A17A0002D9628 /* LoginStateError.swift */; };
		24EB1526267A17CC002D9628 /* HTTPError.swift in Sources */ = {isa = PBXBuildFile; fileRef = 24EB1525267A17CC002D9628 /* HTTPError.swift */; };
		24EB1563267A2354002D9628 /* IdTokenClaims.swift in Sources */ = {isa = PBXBuildFile; fileRef = 24EB1557267A2350002D9628 /* IdTokenClaims.swift */; };
		24EB156F267A2482002D9628 /* IdTokenValidator.swift in Sources */ = {isa = PBXBuildFile; fileRef = 24EB156E267A2482002D9628 /* IdTokenValidator.swift */; };
		A908307B25D287490065D1D9 /* Logging in Frameworks */ = {isa = PBXBuildFile; productRef = A908307A25D287490065D1D9 /* Logging */; };
		A93EFCD42630131F008200D1 /* SchibstedAccountAPITests.swift in Sources */ = {isa = PBXBuildFile; fileRef = A93EFCD32630131F008200D1 /* SchibstedAccountAPITests.swift */; };
		A93EFCFE26316CFB008200D1 /* SchibstedAccountAPIResponsesTests.swift in Sources */ = {isa = PBXBuildFile; fileRef = A93EFCFD26316CFB008200D1 /* SchibstedAccountAPIResponsesTests.swift */; };
		A93EFD1126329F31008200D1 /* user-profile-response.json in Resources */ = {isa = PBXBuildFile; fileRef = A93EFD0526329A25008200D1 /* user-profile-response.json */; platformFilter = ios; };
		A95F1A0025826A59000D19F5 /* HTTPClientWithURLSessionTests.swift in Sources */ = {isa = PBXBuildFile; fileRef = A95F19FF25826A59000D19F5 /* HTTPClientWithURLSessionTests.swift */; };
		A95F1A1F25826AED000D19F5 /* IdTokenValidatorTests.swift in Sources */ = {isa = PBXBuildFile; fileRef = A95F1A1D25826AED000D19F5 /* IdTokenValidatorTests.swift */; };
		A95F1A2025826AED000D19F5 /* IdTokenClaimsTests.swift in Sources */ = {isa = PBXBuildFile; fileRef = A95F1A1E25826AED000D19F5 /* IdTokenClaimsTests.swift */; };
		A9941FD8257523C400513EED /* TestHostApp.swift in Sources */ = {isa = PBXBuildFile; fileRef = A9941FD7257523C400513EED /* TestHostApp.swift */; };
		A9941FDA257523C400513EED /* ContentView.swift in Sources */ = {isa = PBXBuildFile; fileRef = A9941FD9257523C400513EED /* ContentView.swift */; };
		A9941FDC257523C800513EED /* Assets.xcassets in Resources */ = {isa = PBXBuildFile; fileRef = A9941FDB257523C800513EED /* Assets.xcassets */; };
		A9941FDF257523C800513EED /* Preview Assets.xcassets in Resources */ = {isa = PBXBuildFile; fileRef = A9941FDE257523C800513EED /* Preview Assets.xcassets */; };
		A994206E2575594300513EED /* JOSESwift in Frameworks */ = {isa = PBXBuildFile; productRef = A994206D2575594300513EED /* JOSESwift */; };
		A99420832575597800513EED /* Cuckoo in Frameworks */ = {isa = PBXBuildFile; productRef = A99420822575597800513EED /* Cuckoo */; };
		CE079FD827ABF7F9009CD898 /* UIFont+Bold.swift in Sources */ = {isa = PBXBuildFile; fileRef = CE079FD727ABF7F9009CD898 /* UIFont+Bold.swift */; };
		CE3E9871277C9A7A00B2F403 /* UIWindow+VisibleVC.swift in Sources */ = {isa = PBXBuildFile; fileRef = CE3E9870277C9A7A00B2F403 /* UIWindow+VisibleVC.swift */; };
		CE3E98962782E6C800B2F403 /* KeyWindow.swift in Sources */ = {isa = PBXBuildFile; fileRef = CE3E98952782E6C800B2F403 /* KeyWindow.swift */; };
		CE5225D42747D6C9009E015E /* Assets.xcassets in Resources */ = {isa = PBXBuildFile; fileRef = CE5225CD2747D69A009E015E /* Assets.xcassets */; };
		CE5E5B472735416000E18EA7 /* LegacyKeychainTokenStorageTests.swift in Sources */ = {isa = PBXBuildFile; fileRef = OBJ_40 /* LegacyKeychainTokenStorageTests.swift */; };
		CE699DD02732A2CC009EE30D /* KeychainStorageMock.swift in Sources */ = {isa = PBXBuildFile; fileRef = CE699DCF2732A2CC009EE30D /* KeychainStorageMock.swift */; };
		CE699DD42732A8D4009EE30D /* KeychainTests.swift in Sources */ = {isa = PBXBuildFile; fileRef = A9C7881B25CC0D7500B7E027 /* KeychainTests.swift */; };
		CE6AB47D276A2A7300E11A16 /* SharedKeychainSessionStorageFactory.swift in Sources */ = {isa = PBXBuildFile; fileRef = CE6AB47C276A2A7300E11A16 /* SharedKeychainSessionStorageFactory.swift */; };
		CE754A5727103071000F2EA9 /* GeneratedMocks.swift in Sources */ = {isa = PBXBuildFile; fileRef = CE754A5627103071000F2EA9 /* GeneratedMocks.swift */; };
		CE8D1B0827832E6C00EDFC04 /* SharedKeychainSessionStorageFactoryTests.swift in Sources */ = {isa = PBXBuildFile; fileRef = CE8D1B0727832E6C00EDFC04 /* SharedKeychainSessionStorageFactoryTests.swift */; };
		CE99896A270EFE0800CB9E95 /* KeychainStorageError.swift in Sources */ = {isa = PBXBuildFile; fileRef = CE998969270EFE0800CB9E95 /* KeychainStorageError.swift */; };
		CE99896C270EFEE200CB9E95 /* Result+VoidSuccess.swift in Sources */ = {isa = PBXBuildFile; fileRef = CE99896B270EFEE200CB9E95 /* Result+VoidSuccess.swift */; };
		CEB3F82827295F4F009F440C /* AuthenticatedURLSession.swift in Sources */ = {isa = PBXBuildFile; fileRef = CEB3F82727295F4F009F440C /* AuthenticatedURLSession.swift */; };
		CEB3F82A272ACF2F009F440C /* AuthenticatedURLSessionTests.swift in Sources */ = {isa = PBXBuildFile; fileRef = CEB3F829272ACF2F009F440C /* AuthenticatedURLSessionTests.swift */; };
		CEB631F92747C4B2009CE3B3 /* Bundle+AccountSDK.swift in Sources */ = {isa = PBXBuildFile; fileRef = CEB631F82747C4B2009CE3B3 /* Bundle+AccountSDK.swift */; };
		CEC8D35D27329F830002145D /* KeychainStorage.swift in Sources */ = {isa = PBXBuildFile; fileRef = CEC8D35C27329F830002145D /* KeychainStorage.swift */; };
		CED185E42785A492001FB0F6 /* UIWindow+VisibleVCTests.swift in Sources */ = {isa = PBXBuildFile; fileRef = CED185E32785A492001FB0F6 /* UIWindow+VisibleVCTests.swift */; };
		CED185E82785AD5A001FB0F6 /* SimplifiedLoginViewModelTests.swift in Sources */ = {isa = PBXBuildFile; fileRef = CED185E72785AD5A001FB0F6 /* SimplifiedLoginViewModelTests.swift */; };
		CED92B79272C086200572645 /* XCTestCaseWithMockHTTPClient.swift in Sources */ = {isa = PBXBuildFile; fileRef = CED92B78272C086100572645 /* XCTestCaseWithMockHTTPClient.swift */; };
		CED92B7B272C15D800572645 /* MockURLProtocol.swift in Sources */ = {isa = PBXBuildFile; fileRef = CED92B7A272C15D800572645 /* MockURLProtocol.swift */; };
		CEDC45DC27463BE90060EDA2 /* SimplifiedLoginUIFactory.swift in Sources */ = {isa = PBXBuildFile; fileRef = CEDC45DB27463BE90060EDA2 /* SimplifiedLoginUIFactory.swift */; };
		CEDC45E027463D6C0060EDA2 /* SimplifiedLoginViewModel.swift in Sources */ = {isa = PBXBuildFile; fileRef = CEDC45DF27463D6B0060EDA2 /* SimplifiedLoginViewModel.swift */; };
		CEE91D4927A8212500A71061 /* SchibstedColor.swift in Sources */ = {isa = PBXBuildFile; fileRef = CEE91D4827A8212500A71061 /* SchibstedColor.swift */; };
		OBJ_192 /* AccountSDKIOSWeb.framework in Frameworks */ = {isa = PBXBuildFile; fileRef = "AccountSDKIOSWeb::AccountSDKIOSWeb::Product" /* AccountSDKIOSWeb.framework */; };
		OBJ_245 /* Await.swift in Sources */ = {isa = PBXBuildFile; fileRef = OBJ_42 /* Await.swift */; };
		OBJ_246 /* ClientTests.swift in Sources */ = {isa = PBXBuildFile; fileRef = OBJ_43 /* ClientTests.swift */; };
		OBJ_247 /* Fixtures.swift in Sources */ = {isa = PBXBuildFile; fileRef = OBJ_44 /* Fixtures.swift */; };
		OBJ_249 /* HTTPUtilTests.swift in Sources */ = {isa = PBXBuildFile; fileRef = OBJ_47 /* HTTPUtilTests.swift */; };
		OBJ_251 /* JOSEUtilTests.swift in Sources */ = {isa = PBXBuildFile; fileRef = OBJ_50 /* JOSEUtilTests.swift */; };
		OBJ_252 /* JWKSTests.swift in Sources */ = {isa = PBXBuildFile; fileRef = OBJ_51 /* JWKSTests.swift */; };
		OBJ_253 /* JOSEUtil.swift in Sources */ = {isa = PBXBuildFile; fileRef = OBJ_52 /* JOSEUtil.swift */; };
		OBJ_254 /* LegacyKeychainSessionStorageTests.swift in Sources */ = {isa = PBXBuildFile; fileRef = OBJ_55 /* LegacyKeychainSessionStorageTests.swift */; };
		OBJ_255 /* MigratingKeychainCompatStorageTests.swift in Sources */ = {isa = PBXBuildFile; fileRef = OBJ_56 /* MigratingKeychainCompatStorageTests.swift */; };
		OBJ_256 /* StateStorageTests.swift in Sources */ = {isa = PBXBuildFile; fileRef = OBJ_57 /* StateStorageTests.swift */; };
		OBJ_257 /* UserTests.swift in Sources */ = {isa = PBXBuildFile; fileRef = OBJ_58 /* UserTests.swift */; };
		OBJ_260 /* AccountSDKIOSWeb.framework in Frameworks */ = {isa = PBXBuildFile; fileRef = "AccountSDKIOSWeb::AccountSDKIOSWeb::Product" /* AccountSDKIOSWeb.framework */; };
/* End PBXBuildFile section */

/* Begin PBXContainerItemProxy section */
		A908307225D2870F0065D1D9 /* PBXContainerItemProxy */ = {
			isa = PBXContainerItemProxy;
			containerPortal = OBJ_1 /* Project object */;
			proxyType = 1;
			remoteGlobalIDString = A9941FD4257523C400513EED;
			remoteInfo = TestHost;
		};
		A9941F37257503F700513EED /* PBXContainerItemProxy */ = {
			isa = PBXContainerItemProxy;
			containerPortal = OBJ_1 /* Project object */;
			proxyType = 1;
			remoteGlobalIDString = "AccountSDKIOSWeb::AccountSDKIOSWeb";
			remoteInfo = AccountSDKIOSWeb;
		};
		A9941F39257503F700513EED /* PBXContainerItemProxy */ = {
			isa = PBXContainerItemProxy;
			containerPortal = OBJ_1 /* Project object */;
			proxyType = 1;
			remoteGlobalIDString = "AccountSDKIOSWeb::AccountSDKIOSWeb";
			remoteInfo = AccountSDKIOSWeb;
		};
/* End PBXContainerItemProxy section */

/* Begin PBXFileReference section */
		2401AD0B273D00CF007C63A6 /* SimplifiedLoginViewController.swift */ = {isa = PBXFileReference; lastKnownFileType = sourcecode.swift; path = SimplifiedLoginViewController.swift; sourceTree = "<group>"; };
		2401AD0E273D00EA007C63A6 /* UserInformationView.swift */ = {isa = PBXFileReference; lastKnownFileType = sourcecode.swift; path = UserInformationView.swift; sourceTree = "<group>"; };
		2401AD10273D010B007C63A6 /* LinksView.swift */ = {isa = PBXFileReference; lastKnownFileType = sourcecode.swift; path = LinksView.swift; sourceTree = "<group>"; };
		2401AD12273D0120007C63A6 /* FooterView.swift */ = {isa = PBXFileReference; lastKnownFileType = sourcecode.swift; path = FooterView.swift; sourceTree = "<group>"; };
		2412D14E274BB713001F71A5 /* SimplifiedLoginManager.swift */ = {isa = PBXFileReference; lastKnownFileType = sourcecode.swift; path = SimplifiedLoginManager.swift; sourceTree = "<group>"; };
		24240CA8278EDF9500544153 /* SimplifiedLoginManagerTests.swift */ = {isa = PBXFileReference; lastKnownFileType = sourcecode.swift; path = SimplifiedLoginManagerTests.swift; sourceTree = "<group>"; };
		243BFAC22750C62500382494 /* sv */ = {isa = PBXFileReference; lastKnownFileType = text.plist.strings; name = sv; path = Localizable.strings; sourceTree = "<group>"; };
		243BFAC62750C67000382494 /* en */ = {isa = PBXFileReference; lastKnownFileType = text.plist.strings; name = en; path = Localizable.strings; sourceTree = "<group>"; };
		243BFACB2750D68300382494 /* nb */ = {isa = PBXFileReference; lastKnownFileType = text.plist.strings; name = nb; path = Localizable.strings; sourceTree = "<group>"; };
		243BFAD12750D75A00382494 /* fi */ = {isa = PBXFileReference; lastKnownFileType = text.plist.strings; name = fi; path = Localizable.strings; sourceTree = "<group>"; };
		243BFAD42750D75A00382494 /* da */ = {isa = PBXFileReference; lastKnownFileType = text.plist.strings; name = da; path = Localizable.strings; sourceTree = "<group>"; };
		243BFAD72750F20700382494 /* String+Localization.swift */ = {isa = PBXFileReference; lastKnownFileType = sourcecode.swift; path = "String+Localization.swift"; sourceTree = "<group>"; };
		2449DCAB2673633C00FE7197 /* URLBuilder.swift */ = {isa = PBXFileReference; lastKnownFileType = sourcecode.swift; path = URLBuilder.swift; sourceTree = "<group>"; };
		2449DD302677527F00FE7197 /* URLBuilder+AuthorizationRequest.swift */ = {isa = PBXFileReference; lastKnownFileType = sourcecode.swift; path = "URLBuilder+AuthorizationRequest.swift"; sourceTree = "<group>"; };
		244EAAC8275A2688008A1285 /* SimplifiedLoginFetcher.swift */ = {isa = PBXFileReference; lastKnownFileType = sourcecode.swift; path = SimplifiedLoginFetcher.swift; sourceTree = "<group>"; };
		244EAACB275A2E96008A1285 /* SessionStorageTests.swift */ = {isa = PBXFileReference; lastKnownFileType = sourcecode.swift; path = SessionStorageTests.swift; sourceTree = "<group>"; };
		244EAACF275A39A7008A1285 /* MockSessionStorageProtocol.swift */ = {isa = PBXFileReference; lastKnownFileType = sourcecode.swift; path = MockSessionStorageProtocol.swift; sourceTree = "<group>"; };
		2459C7A026735C39007A373B /* Package.swift */ = {isa = PBXFileReference; lastKnownFileType = sourcecode.swift; name = Package.swift; path = ../../Package.swift; sourceTree = "<group>"; };
		246B035927071E6E0041F15A /* Client+AppTransfer.swift */ = {isa = PBXFileReference; lastKnownFileType = sourcecode.swift; path = "Client+AppTransfer.swift"; sourceTree = "<group>"; };
		2472EA2B275E057A0037433D /* LocalizationAssets.swift */ = {isa = PBXFileReference; lastKnownFileType = sourcecode.swift; path = LocalizationAssets.swift; sourceTree = "<group>"; };
		2472EA2E275E98C50037433D /* DataModels.swift */ = {isa = PBXFileReference; lastKnownFileType = sourcecode.swift; path = DataModels.swift; sourceTree = "<group>"; };
		2473CB9F2678AED60001B861 /* URLBuilderTests.swift */ = {isa = PBXFileReference; fileEncoding = 4; lastKnownFileType = sourcecode.swift; path = URLBuilderTests.swift; sourceTree = "<group>"; };
		248440162692E97700CE88F2 /* ClientConfiguration.swift */ = {isa = PBXFileReference; lastKnownFileType = sourcecode.swift; path = ClientConfiguration.swift; sourceTree = "<group>"; };
		24844038269347C500CE88F2 /* MulticastDelegate.swift */ = {isa = PBXFileReference; fileEncoding = 4; lastKnownFileType = sourcecode.swift; path = MulticastDelegate.swift; sourceTree = "<group>"; };
		248440412693482900CE88F2 /* MulticastDelegateTests.swift */ = {isa = PBXFileReference; lastKnownFileType = sourcecode.swift; path = MulticastDelegateTests.swift; sourceTree = "<group>"; };
		2489C97F26733A0900AA0A4C /* TokenHandler.swift */ = {isa = PBXFileReference; fileEncoding = 4; lastKnownFileType = sourcecode.swift; path = TokenHandler.swift; sourceTree = "<group>"; };
		2489C98026733A0900AA0A4C /* Logging.swift */ = {isa = PBXFileReference; fileEncoding = 4; lastKnownFileType = sourcecode.swift; path = Logging.swift; sourceTree = "<group>"; };
		2489C98426733A0900AA0A4C /* LoginError.swift */ = {isa = PBXFileReference; fileEncoding = 4; lastKnownFileType = sourcecode.swift; path = LoginError.swift; sourceTree = "<group>"; };
		2489C98626733A0900AA0A4C /* Cache.swift */ = {isa = PBXFileReference; fileEncoding = 4; lastKnownFileType = sourcecode.swift; path = Cache.swift; sourceTree = "<group>"; };
		2489C98726733A0900AA0A4C /* Version.swift */ = {isa = PBXFileReference; fileEncoding = 4; lastKnownFileType = sourcecode.swift; path = Version.swift; sourceTree = "<group>"; };
		2489C98826733A0900AA0A4C /* User.swift */ = {isa = PBXFileReference; fileEncoding = 4; lastKnownFileType = sourcecode.swift; path = User.swift; sourceTree = "<group>"; };
		2489C98926733A0900AA0A4C /* AuthState.swift */ = {isa = PBXFileReference; fileEncoding = 4; lastKnownFileType = sourcecode.swift; path = AuthState.swift; sourceTree = "<group>"; };
		2489C98B26733A0900AA0A4C /* JOSEUtil.swift */ = {isa = PBXFileReference; fileEncoding = 4; lastKnownFileType = sourcecode.swift; path = JOSEUtil.swift; sourceTree = "<group>"; };
		2489C98C26733A0900AA0A4C /* JWKS.swift */ = {isa = PBXFileReference; fileEncoding = 4; lastKnownFileType = sourcecode.swift; path = JWKS.swift; sourceTree = "<group>"; };
		2489C98E26733A0900AA0A4C /* Storage.swift */ = {isa = PBXFileReference; fileEncoding = 4; lastKnownFileType = sourcecode.swift; path = Storage.swift; sourceTree = "<group>"; };
		2489C98F26733A0900AA0A4C /* StateStorage.swift */ = {isa = PBXFileReference; fileEncoding = 4; lastKnownFileType = sourcecode.swift; path = StateStorage.swift; sourceTree = "<group>"; };
		2489C99026733A0900AA0A4C /* UserDefaultsStorage.swift */ = {isa = PBXFileReference; fileEncoding = 4; lastKnownFileType = sourcecode.swift; path = UserDefaultsStorage.swift; sourceTree = "<group>"; };
		2489C99326733A0900AA0A4C /* LegacyKeychainSessionStorage.swift */ = {isa = PBXFileReference; fileEncoding = 4; lastKnownFileType = sourcecode.swift; path = LegacyKeychainSessionStorage.swift; sourceTree = "<group>"; };
		2489C99426733A0900AA0A4C /* MigratingKeychainCompatStorage.swift */ = {isa = PBXFileReference; fileEncoding = 4; lastKnownFileType = sourcecode.swift; path = MigratingKeychainCompatStorage.swift; sourceTree = "<group>"; };
		2489C99526733A0900AA0A4C /* LegacyKeychainTokenStorage.swift */ = {isa = PBXFileReference; fileEncoding = 4; lastKnownFileType = sourcecode.swift; path = LegacyKeychainTokenStorage.swift; sourceTree = "<group>"; };
		2489C99726733A0900AA0A4C /* KeychainSessionStorage.swift */ = {isa = PBXFileReference; fileEncoding = 4; lastKnownFileType = sourcecode.swift; path = KeychainSessionStorage.swift; sourceTree = "<group>"; };
		2489C99826733A0900AA0A4C /* SessionStorage.swift */ = {isa = PBXFileReference; fileEncoding = 4; lastKnownFileType = sourcecode.swift; path = SessionStorage.swift; sourceTree = "<group>"; };
		2489C99926733A0900AA0A4C /* URLExtensions.swift */ = {isa = PBXFileReference; fileEncoding = 4; lastKnownFileType = sourcecode.swift; path = URLExtensions.swift; sourceTree = "<group>"; };
		2489C99A26733A0900AA0A4C /* Client.swift */ = {isa = PBXFileReference; fileEncoding = 4; lastKnownFileType = sourcecode.swift; path = Client.swift; sourceTree = "<group>"; };
		2489C99C26733A0900AA0A4C /* HTTPUtil.swift */ = {isa = PBXFileReference; fileEncoding = 4; lastKnownFileType = sourcecode.swift; path = HTTPUtil.swift; sourceTree = "<group>"; };
		2489C99D26733A0900AA0A4C /* RetryPolicy.swift */ = {isa = PBXFileReference; fileEncoding = 4; lastKnownFileType = sourcecode.swift; path = RetryPolicy.swift; sourceTree = "<group>"; };
		2489C99E26733A0900AA0A4C /* HTTPClientWithURLSession.swift */ = {isa = PBXFileReference; fileEncoding = 4; lastKnownFileType = sourcecode.swift; path = HTTPClientWithURLSession.swift; sourceTree = "<group>"; };
		2489C99F26733A0900AA0A4C /* HTTPClient.swift */ = {isa = PBXFileReference; fileEncoding = 4; lastKnownFileType = sourcecode.swift; path = HTTPClient.swift; sourceTree = "<group>"; };
		2489C9A026733A0900AA0A4C /* URLSessionProtocol.swift */ = {isa = PBXFileReference; fileEncoding = 4; lastKnownFileType = sourcecode.swift; path = URLSessionProtocol.swift; sourceTree = "<group>"; };
		2489C9A226733A0900AA0A4C /* SchibstedAccountAPIResponses.swift */ = {isa = PBXFileReference; fileEncoding = 4; lastKnownFileType = sourcecode.swift; path = SchibstedAccountAPIResponses.swift; sourceTree = "<group>"; };
		2489C9A326733A0900AA0A4C /* SchibstedAccountAPI.swift */ = {isa = PBXFileReference; fileEncoding = 4; lastKnownFileType = sourcecode.swift; path = SchibstedAccountAPI.swift; sourceTree = "<group>"; };
		2489C9A426733A0900AA0A4C /* RefreshTokenError.swift */ = {isa = PBXFileReference; fileEncoding = 4; lastKnownFileType = sourcecode.swift; path = RefreshTokenError.swift; sourceTree = "<group>"; };
		24AE1A3D26A5972600865A68 /* HTTPURLResponse+Extensions.swift */ = {isa = PBXFileReference; fileEncoding = 4; lastKnownFileType = sourcecode.swift; path = "HTTPURLResponse+Extensions.swift"; sourceTree = "<group>"; };
		24BF4C9C2728232A008F11F3 /* TokenRefreshRequestHandlerTests.swift */ = {isa = PBXFileReference; lastKnownFileType = sourcecode.swift; path = TokenRefreshRequestHandlerTests.swift; sourceTree = "<group>"; };
		24EB146F2679D8C8002D9628 /* MFAType.swift */ = {isa = PBXFileReference; lastKnownFileType = sourcecode.swift; path = MFAType.swift; sourceTree = "<group>"; };
		24EB14872679DB3A002D9628 /* SignatureValidationError.swift */ = {isa = PBXFileReference; lastKnownFileType = sourcecode.swift; path = SignatureValidationError.swift; sourceTree = "<group>"; };
		24EB14942679DBB9002D9628 /* IdTokenValidationError.swift */ = {isa = PBXFileReference; lastKnownFileType = sourcecode.swift; path = IdTokenValidationError.swift; sourceTree = "<group>"; };
		24EB14F82679F882002D9628 /* NoRetries.swift */ = {isa = PBXFileReference; lastKnownFileType = sourcecode.swift; path = NoRetries.swift; sourceTree = "<group>"; };
		24EB1505267A0E44002D9628 /* APIRetryPolicy.swift */ = {isa = PBXFileReference; lastKnownFileType = sourcecode.swift; path = APIRetryPolicy.swift; sourceTree = "<group>"; };
		24EB1511267A10C7002D9628 /* InternalSchibstedAccountAPIResponses.swift */ = {isa = PBXFileReference; lastKnownFileType = sourcecode.swift; path = InternalSchibstedAccountAPIResponses.swift; sourceTree = "<group>"; };
		24EB151E267A17A0002D9628 /* LoginStateError.swift */ = {isa = PBXFileReference; lastKnownFileType = sourcecode.swift; path = LoginStateError.swift; sourceTree = "<group>"; };
		24EB1525267A17CC002D9628 /* HTTPError.swift */ = {isa = PBXFileReference; lastKnownFileType = sourcecode.swift; path = HTTPError.swift; sourceTree = "<group>"; };
		24EB1557267A2350002D9628 /* IdTokenClaims.swift */ = {isa = PBXFileReference; lastKnownFileType = sourcecode.swift; path = IdTokenClaims.swift; sourceTree = "<group>"; };
		24EB156E267A2482002D9628 /* IdTokenValidator.swift */ = {isa = PBXFileReference; lastKnownFileType = sourcecode.swift; path = IdTokenValidator.swift; sourceTree = "<group>"; };
		A93EFCD32630131F008200D1 /* SchibstedAccountAPITests.swift */ = {isa = PBXFileReference; lastKnownFileType = sourcecode.swift; path = SchibstedAccountAPITests.swift; sourceTree = "<group>"; };
		A93EFCFD26316CFB008200D1 /* SchibstedAccountAPIResponsesTests.swift */ = {isa = PBXFileReference; lastKnownFileType = sourcecode.swift; path = SchibstedAccountAPIResponsesTests.swift; sourceTree = "<group>"; };
		A93EFD0526329A25008200D1 /* user-profile-response.json */ = {isa = PBXFileReference; lastKnownFileType = text.json; path = "user-profile-response.json"; sourceTree = "<group>"; };
		A95C4640268A3ECE0098E684 /* README.md */ = {isa = PBXFileReference; lastKnownFileType = net.daringfireball.markdown; name = README.md; path = ../../README.md; sourceTree = "<group>"; };
		A95F19FF25826A59000D19F5 /* HTTPClientWithURLSessionTests.swift */ = {isa = PBXFileReference; fileEncoding = 4; lastKnownFileType = sourcecode.swift; path = HTTPClientWithURLSessionTests.swift; sourceTree = "<group>"; };
		A95F1A1D25826AED000D19F5 /* IdTokenValidatorTests.swift */ = {isa = PBXFileReference; fileEncoding = 4; lastKnownFileType = sourcecode.swift; path = IdTokenValidatorTests.swift; sourceTree = "<group>"; };
		A95F1A1E25826AED000D19F5 /* IdTokenClaimsTests.swift */ = {isa = PBXFileReference; fileEncoding = 4; lastKnownFileType = sourcecode.swift; path = IdTokenClaimsTests.swift; sourceTree = "<group>"; };
		A98A3A3625768FD8008ED111 /* IdTokenClaimsTests.swift */ = {isa = PBXFileReference; lastKnownFileType = sourcecode.swift; path = IdTokenClaimsTests.swift; sourceTree = "<group>"; };
		A9941FD5257523C400513EED /* TestHost.app */ = {isa = PBXFileReference; explicitFileType = wrapper.application; includeInIndex = 0; path = TestHost.app; sourceTree = BUILT_PRODUCTS_DIR; };
		A9941FD7257523C400513EED /* TestHostApp.swift */ = {isa = PBXFileReference; lastKnownFileType = sourcecode.swift; path = TestHostApp.swift; sourceTree = "<group>"; };
		A9941FD9257523C400513EED /* ContentView.swift */ = {isa = PBXFileReference; lastKnownFileType = sourcecode.swift; path = ContentView.swift; sourceTree = "<group>"; };
		A9941FDB257523C800513EED /* Assets.xcassets */ = {isa = PBXFileReference; lastKnownFileType = folder.assetcatalog; path = Assets.xcassets; sourceTree = "<group>"; };
		A9941FDE257523C800513EED /* Preview Assets.xcassets */ = {isa = PBXFileReference; lastKnownFileType = folder.assetcatalog; path = "Preview Assets.xcassets"; sourceTree = "<group>"; };
		A9941FE0257523C800513EED /* Info.plist */ = {isa = PBXFileReference; lastKnownFileType = text.plist.xml; path = Info.plist; sourceTree = "<group>"; };
		A9C7881B25CC0D7500B7E027 /* KeychainTests.swift */ = {isa = PBXFileReference; fileEncoding = 4; lastKnownFileType = sourcecode.swift; path = KeychainTests.swift; sourceTree = "<group>"; };
		A9DD2D0E257E321F00AD3601 /* HTTPClientWithURLSessionTests.swift */ = {isa = PBXFileReference; lastKnownFileType = sourcecode.swift; path = HTTPClientWithURLSessionTests.swift; sourceTree = "<group>"; };
		"AccountSDKIOSWeb::AccountSDKIOSKeychainTests::Product" /* AccountSDKIOSKeychainTests.xctest */ = {isa = PBXFileReference; explicitFileType = wrapper.cfbundle; path = AccountSDKIOSKeychainTests.xctest; sourceTree = BUILT_PRODUCTS_DIR; };
		"AccountSDKIOSWeb::AccountSDKIOSWeb::Product" /* AccountSDKIOSWeb.framework */ = {isa = PBXFileReference; explicitFileType = wrapper.framework; path = AccountSDKIOSWeb.framework; sourceTree = BUILT_PRODUCTS_DIR; };
		"AccountSDKIOSWeb::AccountSDKIOSWebTests::Product" /* AccountSDKIOSWebTests.xctest */ = {isa = PBXFileReference; explicitFileType = wrapper.cfbundle; path = AccountSDKIOSWebTests.xctest; sourceTree = BUILT_PRODUCTS_DIR; };
		CE079FD727ABF7F9009CD898 /* UIFont+Bold.swift */ = {isa = PBXFileReference; lastKnownFileType = sourcecode.swift; path = "UIFont+Bold.swift"; sourceTree = "<group>"; };
		CE3E9870277C9A7A00B2F403 /* UIWindow+VisibleVC.swift */ = {isa = PBXFileReference; lastKnownFileType = sourcecode.swift; path = "UIWindow+VisibleVC.swift"; sourceTree = "<group>"; };
		CE3E98952782E6C800B2F403 /* KeyWindow.swift */ = {isa = PBXFileReference; fileEncoding = 4; lastKnownFileType = sourcecode.swift; path = KeyWindow.swift; sourceTree = "<group>"; };
		CE5225CD2747D69A009E015E /* Assets.xcassets */ = {isa = PBXFileReference; lastKnownFileType = folder.assetcatalog; path = Assets.xcassets; sourceTree = "<group>"; };
		CE699DCF2732A2CC009EE30D /* KeychainStorageMock.swift */ = {isa = PBXFileReference; lastKnownFileType = sourcecode.swift; path = KeychainStorageMock.swift; sourceTree = "<group>"; };
		CE6AB47C276A2A7300E11A16 /* SharedKeychainSessionStorageFactory.swift */ = {isa = PBXFileReference; lastKnownFileType = sourcecode.swift; path = SharedKeychainSessionStorageFactory.swift; sourceTree = "<group>"; };
		CE754A5627103071000F2EA9 /* GeneratedMocks.swift */ = {isa = PBXFileReference; fileEncoding = 4; lastKnownFileType = sourcecode.swift; path = GeneratedMocks.swift; sourceTree = "<group>"; };
		CE8D1B0727832E6C00EDFC04 /* SharedKeychainSessionStorageFactoryTests.swift */ = {isa = PBXFileReference; lastKnownFileType = sourcecode.swift; path = SharedKeychainSessionStorageFactoryTests.swift; sourceTree = "<group>"; };
		CE998969270EFE0800CB9E95 /* KeychainStorageError.swift */ = {isa = PBXFileReference; lastKnownFileType = sourcecode.swift; path = KeychainStorageError.swift; sourceTree = "<group>"; };
		CE99896B270EFEE200CB9E95 /* Result+VoidSuccess.swift */ = {isa = PBXFileReference; lastKnownFileType = sourcecode.swift; path = "Result+VoidSuccess.swift"; sourceTree = "<group>"; };
		CEB3F82727295F4F009F440C /* AuthenticatedURLSession.swift */ = {isa = PBXFileReference; fileEncoding = 4; lastKnownFileType = sourcecode.swift; path = AuthenticatedURLSession.swift; sourceTree = "<group>"; };
		CEB3F829272ACF2F009F440C /* AuthenticatedURLSessionTests.swift */ = {isa = PBXFileReference; lastKnownFileType = sourcecode.swift; path = AuthenticatedURLSessionTests.swift; sourceTree = "<group>"; };
		CEB631F82747C4B2009CE3B3 /* Bundle+AccountSDK.swift */ = {isa = PBXFileReference; lastKnownFileType = sourcecode.swift; path = "Bundle+AccountSDK.swift"; sourceTree = "<group>"; };
		CEC8D35C27329F830002145D /* KeychainStorage.swift */ = {isa = PBXFileReference; fileEncoding = 4; lastKnownFileType = sourcecode.swift; path = KeychainStorage.swift; sourceTree = "<group>"; };
		CED185E32785A492001FB0F6 /* UIWindow+VisibleVCTests.swift */ = {isa = PBXFileReference; lastKnownFileType = sourcecode.swift; path = "UIWindow+VisibleVCTests.swift"; sourceTree = "<group>"; };
		CED185E72785AD5A001FB0F6 /* SimplifiedLoginViewModelTests.swift */ = {isa = PBXFileReference; lastKnownFileType = sourcecode.swift; path = SimplifiedLoginViewModelTests.swift; sourceTree = "<group>"; };
		CED92B78272C086100572645 /* XCTestCaseWithMockHTTPClient.swift */ = {isa = PBXFileReference; lastKnownFileType = sourcecode.swift; path = XCTestCaseWithMockHTTPClient.swift; sourceTree = "<group>"; };
		CED92B7A272C15D800572645 /* MockURLProtocol.swift */ = {isa = PBXFileReference; fileEncoding = 4; lastKnownFileType = sourcecode.swift; path = MockURLProtocol.swift; sourceTree = "<group>"; };
		CEDC45DB27463BE90060EDA2 /* SimplifiedLoginUIFactory.swift */ = {isa = PBXFileReference; lastKnownFileType = sourcecode.swift; path = SimplifiedLoginUIFactory.swift; sourceTree = "<group>"; };
		CEDC45DF27463D6B0060EDA2 /* SimplifiedLoginViewModel.swift */ = {isa = PBXFileReference; lastKnownFileType = sourcecode.swift; path = SimplifiedLoginViewModel.swift; sourceTree = "<group>"; };
		CEE91D4827A8212500A71061 /* SchibstedColor.swift */ = {isa = PBXFileReference; lastKnownFileType = sourcecode.swift; path = SchibstedColor.swift; sourceTree = "<group>"; };
		OBJ_178 /* cuckoo */ = {isa = PBXFileReference; lastKnownFileType = folder; path = cuckoo; sourceTree = SOURCE_ROOT; };
		OBJ_182 /* generate_mocks.sh */ = {isa = PBXFileReference; lastKnownFileType = text.script.sh; path = generate_mocks.sh; sourceTree = "<group>"; };
		OBJ_40 /* LegacyKeychainTokenStorageTests.swift */ = {isa = PBXFileReference; lastKnownFileType = sourcecode.swift; path = LegacyKeychainTokenStorageTests.swift; sourceTree = "<group>"; };
		OBJ_42 /* Await.swift */ = {isa = PBXFileReference; lastKnownFileType = sourcecode.swift; path = Await.swift; sourceTree = "<group>"; };
		OBJ_43 /* ClientTests.swift */ = {isa = PBXFileReference; lastKnownFileType = sourcecode.swift; path = ClientTests.swift; sourceTree = "<group>"; };
		OBJ_44 /* Fixtures.swift */ = {isa = PBXFileReference; lastKnownFileType = sourcecode.swift; path = Fixtures.swift; sourceTree = "<group>"; };
		OBJ_47 /* HTTPUtilTests.swift */ = {isa = PBXFileReference; lastKnownFileType = sourcecode.swift; path = HTTPUtilTests.swift; sourceTree = "<group>"; };
		OBJ_49 /* IdTokenValidatorTests.swift */ = {isa = PBXFileReference; lastKnownFileType = sourcecode.swift; path = IdTokenValidatorTests.swift; sourceTree = "<group>"; };
		OBJ_50 /* JOSEUtilTests.swift */ = {isa = PBXFileReference; lastKnownFileType = sourcecode.swift; path = JOSEUtilTests.swift; sourceTree = "<group>"; };
		OBJ_51 /* JWKSTests.swift */ = {isa = PBXFileReference; lastKnownFileType = sourcecode.swift; path = JWKSTests.swift; sourceTree = "<group>"; };
		OBJ_52 /* JOSEUtil.swift */ = {isa = PBXFileReference; lastKnownFileType = sourcecode.swift; path = JOSEUtil.swift; sourceTree = "<group>"; };
		OBJ_55 /* LegacyKeychainSessionStorageTests.swift */ = {isa = PBXFileReference; lastKnownFileType = sourcecode.swift; path = LegacyKeychainSessionStorageTests.swift; sourceTree = "<group>"; };
		OBJ_56 /* MigratingKeychainCompatStorageTests.swift */ = {isa = PBXFileReference; lastKnownFileType = sourcecode.swift; path = MigratingKeychainCompatStorageTests.swift; sourceTree = "<group>"; };
		OBJ_57 /* StateStorageTests.swift */ = {isa = PBXFileReference; lastKnownFileType = sourcecode.swift; path = StateStorageTests.swift; sourceTree = "<group>"; };
		OBJ_58 /* UserTests.swift */ = {isa = PBXFileReference; lastKnownFileType = sourcecode.swift; path = UserTests.swift; sourceTree = "<group>"; };
/* End PBXFileReference section */

/* Begin PBXFrameworksBuildPhase section */
		A9941FD2257523C400513EED /* Frameworks */ = {
			isa = PBXFrameworksBuildPhase;
			buildActionMask = 2147483647;
			files = (
			);
			runOnlyForDeploymentPostprocessing = 0;
		};
		OBJ_191 /* Frameworks */ = {
			isa = PBXFrameworksBuildPhase;
			buildActionMask = 0;
			files = (
				OBJ_192 /* AccountSDKIOSWeb.framework in Frameworks */,
			);
			runOnlyForDeploymentPostprocessing = 0;
		};
		OBJ_225 /* Frameworks */ = {
			isa = PBXFrameworksBuildPhase;
			buildActionMask = 0;
			files = (
				A908307B25D287490065D1D9 /* Logging in Frameworks */,
				A994206E2575594300513EED /* JOSESwift in Frameworks */,
			);
			runOnlyForDeploymentPostprocessing = 0;
		};
		OBJ_258 /* Frameworks */ = {
			isa = PBXFrameworksBuildPhase;
			buildActionMask = 0;
			files = (
				A99420832575597800513EED /* Cuckoo in Frameworks */,
				OBJ_260 /* AccountSDKIOSWeb.framework in Frameworks */,
			);
			runOnlyForDeploymentPostprocessing = 0;
		};
/* End PBXFrameworksBuildPhase section */

/* Begin PBXGroup section */
		2401AD0A273D009C007C63A6 /* Simplified Login */ = {
			isa = PBXGroup;
			children = (
				2472EA2B275E057A0037433D /* LocalizationAssets.swift */,
				2412D14E274BB713001F71A5 /* SimplifiedLoginManager.swift */,
				CEDC45DB27463BE90060EDA2 /* SimplifiedLoginUIFactory.swift */,
				2472EA2D275E98330037433D /* Model */,
				244EAAD1275A6CEA008A1285 /* ViewModel */,
				244EAAC7275A2671008A1285 /* Fetcher */,
				2472EA30275F4C810037433D /* View */,
			);
			path = "Simplified Login";
			sourceTree = "<group>";
		};
		2401AD0D273D00D9007C63A6 /* Sub Views */ = {
			isa = PBXGroup;
			children = (
				2401AD0E273D00EA007C63A6 /* UserInformationView.swift */,
				2401AD10273D010B007C63A6 /* LinksView.swift */,
				2401AD12273D0120007C63A6 /* FooterView.swift */,
			);
			path = "Sub Views";
			sourceTree = "<group>";
		};
		243BFABA274FD6CD00382494 /* sv.lproj */ = {
			isa = PBXGroup;
			children = (
				243BFAC12750C62500382494 /* Localizable.strings */,
			);
			path = sv.lproj;
			sourceTree = "<group>";
		};
		243BFAC42750C63A00382494 /* en.lproj */ = {
			isa = PBXGroup;
			children = (
				243BFAC52750C67000382494 /* Localizable.strings */,
			);
			path = en.lproj;
			sourceTree = "<group>";
		};
		243BFAC92750D68300382494 /* nb.lproj */ = {
			isa = PBXGroup;
			children = (
				243BFACA2750D68300382494 /* Localizable.strings */,
			);
			path = nb.lproj;
			sourceTree = "<group>";
		};
		243BFACF2750D75A00382494 /* fi.lproj */ = {
			isa = PBXGroup;
			children = (
				243BFAD02750D75A00382494 /* Localizable.strings */,
			);
			path = fi.lproj;
			sourceTree = "<group>";
		};
		243BFAD22750D75A00382494 /* da.lproj */ = {
			isa = PBXGroup;
			children = (
				243BFAD32750D75A00382494 /* Localizable.strings */,
			);
			path = da.lproj;
			sourceTree = "<group>";
		};
		243BFAD92750F21B00382494 /* Extensions */ = {
			isa = PBXGroup;
			children = (
				CE99896B270EFEE200CB9E95 /* Result+VoidSuccess.swift */,
				CEB631F82747C4B2009CE3B3 /* Bundle+AccountSDK.swift */,
				243BFAD72750F20700382494 /* String+Localization.swift */,
				CE3E9870277C9A7A00B2F403 /* UIWindow+VisibleVC.swift */,
				CE079FD727ABF7F9009CD898 /* UIFont+Bold.swift */,
			);
			path = Extensions;
			sourceTree = "<group>";
		};
		244EAAC7275A2671008A1285 /* Fetcher */ = {
			isa = PBXGroup;
			children = (
				244EAAC8275A2688008A1285 /* SimplifiedLoginFetcher.swift */,
			);
			path = Fetcher;
			sourceTree = "<group>";
		};
		244EAAD1275A6CEA008A1285 /* ViewModel */ = {
			isa = PBXGroup;
			children = (
				CEDC45DF27463D6B0060EDA2 /* SimplifiedLoginViewModel.swift */,
			);
			path = ViewModel;
			sourceTree = "<group>";
		};
		2461668E267B3FFE00F77C5A /* Client */ = {
			isa = PBXGroup;
			children = (
				2489C99A26733A0900AA0A4C /* Client.swift */,
				246B035927071E6E0041F15A /* Client+AppTransfer.swift */,
				248440162692E97700CE88F2 /* ClientConfiguration.swift */,
			);
			path = Client;
			sourceTree = "<group>";
		};
		2461668F267B400200F77C5A /* User */ = {
			isa = PBXGroup;
			children = (
				2489C98826733A0900AA0A4C /* User.swift */,
			);
			path = User;
			sourceTree = "<group>";
		};
		24616695267B40EB00F77C5A /* URLBuilder */ = {
			isa = PBXGroup;
			children = (
				2449DCAB2673633C00FE7197 /* URLBuilder.swift */,
				2449DD302677527F00FE7197 /* URLBuilder+AuthorizationRequest.swift */,
				2489C99926733A0900AA0A4C /* URLExtensions.swift */,
			);
			path = URLBuilder;
			sourceTree = "<group>";
		};
		2461669C267B41A000F77C5A /* Lib */ = {
			isa = PBXGroup;
			children = (
				243BFAD92750F21B00382494 /* Extensions */,
				24EB151D267A1209002D9628 /* Errors */,
				24EB14F72679F70E002D9628 /* HTTP */,
				2489C9A126733A0900AA0A4C /* API */,
				24EB14932679DB9A002D9628 /* IDToken */,
				2489C98A26733A0900AA0A4C /* JOSE */,
				2489C98D26733A0900AA0A4C /* Storage */,
				2489C98526733A0900AA0A4C /* Cache */,
				24616695267B40EB00F77C5A /* URLBuilder */,
				2489C98026733A0900AA0A4C /* Logging.swift */,
				24EB146F2679D8C8002D9628 /* MFAType.swift */,
				2489C98926733A0900AA0A4C /* AuthState.swift */,
				2489C97F26733A0900AA0A4C /* TokenHandler.swift */,
				2489C98726733A0900AA0A4C /* Version.swift */,
			);
			path = Lib;
			sourceTree = "<group>";
		};
		2472EA2D275E98330037433D /* Model */ = {
			isa = PBXGroup;
			children = (
				2472EA2E275E98C50037433D /* DataModels.swift */,
			);
			path = Model;
			sourceTree = "<group>";
		};
		2472EA30275F4C810037433D /* View */ = {
			isa = PBXGroup;
			children = (
				2401AD0B273D00CF007C63A6 /* SimplifiedLoginViewController.swift */,
				2401AD0D273D00D9007C63A6 /* Sub Views */,
				CEE91D4827A8212500A71061 /* SchibstedColor.swift */,
			);
			path = View;
			sourceTree = "<group>";
		};
		24844037269347C500CE88F2 /* Util */ = {
			isa = PBXGroup;
			children = (
				CE3E98952782E6C800B2F403 /* KeyWindow.swift */,
				24844038269347C500CE88F2 /* MulticastDelegate.swift */,
			);
			path = Util;
			sourceTree = "<group>";
		};
		248440402693480E00CE88F2 /* Util */ = {
			isa = PBXGroup;
			children = (
				248440412693482900CE88F2 /* MulticastDelegateTests.swift */,
				CED185E32785A492001FB0F6 /* UIWindow+VisibleVCTests.swift */,
			);
			name = Util;
			path = Tests/Util;
			sourceTree = "<group>";
		};
		2489C97E26733A0800AA0A4C /* AccountSDKIOSWeb */ = {
			isa = PBXGroup;
			children = (
				CE5225CC2747D69A009E015E /* Resources */,
				2401AD0A273D009C007C63A6 /* Simplified Login */,
				24844037269347C500CE88F2 /* Util */,
				2461668F267B400200F77C5A /* User */,
				2461668E267B3FFE00F77C5A /* Client */,
				2461669C267B41A000F77C5A /* Lib */,
			);
			name = AccountSDKIOSWeb;
			path = ../../Sources/AccountSDKIOSWeb;
			sourceTree = "<group>";
		};
		2489C98526733A0900AA0A4C /* Cache */ = {
			isa = PBXGroup;
			children = (
				2489C98626733A0900AA0A4C /* Cache.swift */,
			);
			path = Cache;
			sourceTree = "<group>";
		};
		2489C98A26733A0900AA0A4C /* JOSE */ = {
			isa = PBXGroup;
			children = (
				2489C98B26733A0900AA0A4C /* JOSEUtil.swift */,
				2489C98C26733A0900AA0A4C /* JWKS.swift */,
			);
			path = JOSE;
			sourceTree = "<group>";
		};
		2489C98D26733A0900AA0A4C /* Storage */ = {
			isa = PBXGroup;
			children = (
				2489C98E26733A0900AA0A4C /* Storage.swift */,
				2489C98F26733A0900AA0A4C /* StateStorage.swift */,
				2489C99026733A0900AA0A4C /* UserDefaultsStorage.swift */,
				2489C99126733A0900AA0A4C /* Keychain */,
				2489C99826733A0900AA0A4C /* SessionStorage.swift */,
			);
			path = Storage;
			sourceTree = "<group>";
		};
		2489C99126733A0900AA0A4C /* Keychain */ = {
			isa = PBXGroup;
			children = (
				2489C99226733A0900AA0A4C /* Compat */,
				2489C99726733A0900AA0A4C /* KeychainSessionStorage.swift */,
				CEC8D35C27329F830002145D /* KeychainStorage.swift */,
				CE6AB47C276A2A7300E11A16 /* SharedKeychainSessionStorageFactory.swift */,
			);
			path = Keychain;
			sourceTree = "<group>";
		};
		2489C99226733A0900AA0A4C /* Compat */ = {
			isa = PBXGroup;
			children = (
				2489C99326733A0900AA0A4C /* LegacyKeychainSessionStorage.swift */,
				2489C99426733A0900AA0A4C /* MigratingKeychainCompatStorage.swift */,
				2489C99526733A0900AA0A4C /* LegacyKeychainTokenStorage.swift */,
			);
			path = Compat;
			sourceTree = "<group>";
		};
		2489C9A126733A0900AA0A4C /* API */ = {
			isa = PBXGroup;
			children = (
				2489C9A226733A0900AA0A4C /* SchibstedAccountAPIResponses.swift */,
				2489C9A326733A0900AA0A4C /* SchibstedAccountAPI.swift */,
				24EB1505267A0E44002D9628 /* APIRetryPolicy.swift */,
				24EB1511267A10C7002D9628 /* InternalSchibstedAccountAPIResponses.swift */,
			);
			path = API;
			sourceTree = "<group>";
		};
		24EB14932679DB9A002D9628 /* IDToken */ = {
			isa = PBXGroup;
			children = (
				24EB156E267A2482002D9628 /* IdTokenValidator.swift */,
				24EB1557267A2350002D9628 /* IdTokenClaims.swift */,
			);
			path = IDToken;
			sourceTree = "<group>";
		};
		24EB14F72679F70E002D9628 /* HTTP */ = {
			isa = PBXGroup;
			children = (
				CEB3F82727295F4F009F440C /* AuthenticatedURLSession.swift */,
				24AE1A3D26A5972600865A68 /* HTTPURLResponse+Extensions.swift */,
				2489C99D26733A0900AA0A4C /* RetryPolicy.swift */,
				2489C99F26733A0900AA0A4C /* HTTPClient.swift */,
				2489C99C26733A0900AA0A4C /* HTTPUtil.swift */,
				2489C99E26733A0900AA0A4C /* HTTPClientWithURLSession.swift */,
				2489C9A026733A0900AA0A4C /* URLSessionProtocol.swift */,
				24EB14F82679F882002D9628 /* NoRetries.swift */,
			);
			path = HTTP;
			sourceTree = "<group>";
		};
		24EB151D267A1209002D9628 /* Errors */ = {
			isa = PBXGroup;
			children = (
				24EB14942679DBB9002D9628 /* IdTokenValidationError.swift */,
				24EB14872679DB3A002D9628 /* SignatureValidationError.swift */,
				2489C98426733A0900AA0A4C /* LoginError.swift */,
				2489C9A426733A0900AA0A4C /* RefreshTokenError.swift */,
				24EB151E267A17A0002D9628 /* LoginStateError.swift */,
				24EB1525267A17CC002D9628 /* HTTPError.swift */,
				CE998969270EFE0800CB9E95 /* KeychainStorageError.swift */,
			);
			path = Errors;
			sourceTree = "<group>";
		};
		A93EFCD2263012FC008200D1 /* API */ = {
			isa = PBXGroup;
			children = (
				A93EFCD32630131F008200D1 /* SchibstedAccountAPITests.swift */,
				A93EFCFD26316CFB008200D1 /* SchibstedAccountAPIResponsesTests.swift */,
			);
			path = API;
			sourceTree = "<group>";
		};
		A93EFD04263299DA008200D1 /* Resources */ = {
			isa = PBXGroup;
			children = (
				A93EFD0526329A25008200D1 /* user-profile-response.json */,
			);
			path = Resources;
			sourceTree = "<group>";
		};
		A95F19EB258269EF000D19F5 /* Recovered References */ = {
			isa = PBXGroup;
			children = (
				A9DD2D0E257E321F00AD3601 /* HTTPClientWithURLSessionTests.swift */,
				OBJ_49 /* IdTokenValidatorTests.swift */,
				A98A3A3625768FD8008ED111 /* IdTokenClaimsTests.swift */,
			);
			name = "Recovered References";
			sourceTree = "<group>";
		};
		A95F1A1C25826AED000D19F5 /* IdToken */ = {
			isa = PBXGroup;
			children = (
				A95F1A1D25826AED000D19F5 /* IdTokenValidatorTests.swift */,
				A95F1A1E25826AED000D19F5 /* IdTokenClaimsTests.swift */,
			);
			path = IdToken;
			sourceTree = "<group>";
		};
		A9941FD6257523C400513EED /* TestHost */ = {
			isa = PBXGroup;
			children = (
				A9941FD7257523C400513EED /* TestHostApp.swift */,
				A9941FD9257523C400513EED /* ContentView.swift */,
				A9941FDB257523C800513EED /* Assets.xcassets */,
				A9941FE0257523C800513EED /* Info.plist */,
				A9941FDD257523C800513EED /* Preview Content */,
			);
			path = TestHost;
			sourceTree = "<group>";
		};
		A9941FDD257523C800513EED /* Preview Content */ = {
			isa = PBXGroup;
			children = (
				A9941FDE257523C800513EED /* Preview Assets.xcassets */,
			);
			path = "Preview Content";
			sourceTree = "<group>";
		};
		CE3E98972782F05100B2F403 /* SimplifiedLogin */ = {
			isa = PBXGroup;
			children = (
				CE8D1B0727832E6C00EDFC04 /* SharedKeychainSessionStorageFactoryTests.swift */,
				CED185E72785AD5A001FB0F6 /* SimplifiedLoginViewModelTests.swift */,
				24240CA8278EDF9500544153 /* SimplifiedLoginManagerTests.swift */,
			);
			path = SimplifiedLogin;
			sourceTree = "<group>";
		};
		CE5225CC2747D69A009E015E /* Resources */ = {
			isa = PBXGroup;
			children = (
				243BFAD22750D75A00382494 /* da.lproj */,
				243BFACF2750D75A00382494 /* fi.lproj */,
				243BFAC92750D68300382494 /* nb.lproj */,
				243BFAC42750C63A00382494 /* en.lproj */,
				243BFABA274FD6CD00382494 /* sv.lproj */,
				CE5225CD2747D69A009E015E /* Assets.xcassets */,
			);
			path = Resources;
			sourceTree = "<group>";
		};
		CE699DCC2732A26A009EE30D /* Mocks */ = {
			isa = PBXGroup;
			children = (
				CED92B7A272C15D800572645 /* MockURLProtocol.swift */,
				CE699DCF2732A2CC009EE30D /* KeychainStorageMock.swift */,
				244EAACF275A39A7008A1285 /* MockSessionStorageProtocol.swift */,
			);
			path = Mocks;
			sourceTree = "<group>";
		};
		OBJ_172 /* Products */ = {
			isa = PBXGroup;
			children = (
				"AccountSDKIOSWeb::AccountSDKIOSWeb::Product" /* AccountSDKIOSWeb.framework */,
				"AccountSDKIOSWeb::AccountSDKIOSWebTests::Product" /* AccountSDKIOSWebTests.xctest */,
				"AccountSDKIOSWeb::AccountSDKIOSKeychainTests::Product" /* AccountSDKIOSKeychainTests.xctest */,
				A9941FD5257523C400513EED /* TestHost.app */,
			);
			name = Products;
			sourceTree = BUILT_PRODUCTS_DIR;
		};
		OBJ_38 /* Tests */ = {
			isa = PBXGroup;
			children = (
				248440402693480E00CE88F2 /* Util */,
				A93EFD04263299DA008200D1 /* Resources */,
				OBJ_39 /* AccountSDKIOSWebKeychainTests */,
				OBJ_41 /* AccountSDKIOSWebTests */,
			);
			name = Tests;
			sourceTree = SOURCE_ROOT;
		};
		OBJ_39 /* AccountSDKIOSWebKeychainTests */ = {
			isa = PBXGroup;
			children = (
				A9C7881B25CC0D7500B7E027 /* KeychainTests.swift */,
			);
			name = AccountSDKIOSWebKeychainTests;
			path = Tests/AccountSDKIOSWebKeychainTests;
			sourceTree = SOURCE_ROOT;
		};
		OBJ_41 /* AccountSDKIOSWebTests */ = {
			isa = PBXGroup;
			children = (
				CE3E98972782F05100B2F403 /* SimplifiedLogin */,
				A93EFCD2263012FC008200D1 /* API */,
				OBJ_42 /* Await.swift */,
				OBJ_43 /* ClientTests.swift */,
				OBJ_44 /* Fixtures.swift */,
				CE754A5627103071000F2EA9 /* GeneratedMocks.swift */,
				OBJ_46 /* HTTP */,
				A95F1A1C25826AED000D19F5 /* IdToken */,
				OBJ_48 /* JOSE */,
				OBJ_52 /* JOSEUtil.swift */,
				OBJ_53 /* Storage */,
				OBJ_58 /* UserTests.swift */,
				24BF4C9C2728232A008F11F3 /* TokenRefreshRequestHandlerTests.swift */,
				CE699DCC2732A26A009EE30D /* Mocks */,
				2473CB9F2678AED60001B861 /* URLBuilderTests.swift */,
				CED92B78272C086100572645 /* XCTestCaseWithMockHTTPClient.swift */,
			);
			name = AccountSDKIOSWebTests;
			path = Tests/AccountSDKIOSWebTests;
			sourceTree = SOURCE_ROOT;
		};
		OBJ_46 /* HTTP */ = {
			isa = PBXGroup;
			children = (
				A95F19FF25826A59000D19F5 /* HTTPClientWithURLSessionTests.swift */,
				OBJ_47 /* HTTPUtilTests.swift */,
				CEB3F829272ACF2F009F440C /* AuthenticatedURLSessionTests.swift */,
			);
			path = HTTP;
			sourceTree = "<group>";
		};
		OBJ_48 /* JOSE */ = {
			isa = PBXGroup;
			children = (
				OBJ_50 /* JOSEUtilTests.swift */,
				OBJ_51 /* JWKSTests.swift */,
			);
			path = JOSE;
			sourceTree = "<group>";
		};
		OBJ_5 = {
			isa = PBXGroup;
			children = (
				2459C7A026735C39007A373B /* Package.swift */,
				OBJ_7 /* Sources */,
				OBJ_38 /* Tests */,
				A9941FD6257523C400513EED /* TestHost */,
				OBJ_172 /* Products */,
				OBJ_178 /* cuckoo */,
				OBJ_182 /* generate_mocks.sh */,
				A95C4640268A3ECE0098E684 /* README.md */,
				A95F19EB258269EF000D19F5 /* Recovered References */,
			);
			sourceTree = "<group>";
		};
		OBJ_53 /* Storage */ = {
			isa = PBXGroup;
			children = (
				OBJ_54 /* Compat */,
				OBJ_57 /* StateStorageTests.swift */,
				244EAACB275A2E96008A1285 /* SessionStorageTests.swift */,
			);
			path = Storage;
			sourceTree = "<group>";
		};
		OBJ_54 /* Compat */ = {
			isa = PBXGroup;
			children = (
				OBJ_40 /* LegacyKeychainTokenStorageTests.swift */,
				OBJ_55 /* LegacyKeychainSessionStorageTests.swift */,
				OBJ_56 /* MigratingKeychainCompatStorageTests.swift */,
			);
			path = Compat;
			sourceTree = "<group>";
		};
		OBJ_7 /* Sources */ = {
			isa = PBXGroup;
			children = (
				2489C97E26733A0800AA0A4C /* AccountSDKIOSWeb */,
			);
			name = Sources;
			sourceTree = SOURCE_ROOT;
		};
/* End PBXGroup section */

/* Begin PBXNativeTarget section */
		A9941FD4257523C400513EED /* TestHost */ = {
			isa = PBXNativeTarget;
			buildConfigurationList = A9941FE1257523C800513EED /* Build configuration list for PBXNativeTarget "TestHost" */;
			buildPhases = (
				A9941FD1257523C400513EED /* Sources */,
				A9941FD2257523C400513EED /* Frameworks */,
				A9941FD3257523C400513EED /* Resources */,
			);
			buildRules = (
			);
			dependencies = (
			);
			name = TestHost;
			productName = TestHost;
			productReference = A9941FD5257523C400513EED /* TestHost.app */;
			productType = "com.apple.product-type.application";
		};
		"AccountSDKIOSWeb::AccountSDKIOSKeychainTests" /* AccountSDKIOSWebKeychainTests */ = {
			isa = PBXNativeTarget;
			buildConfigurationList = OBJ_186 /* Build configuration list for PBXNativeTarget "AccountSDKIOSWebKeychainTests" */;
			buildPhases = (
				CE754A5527102F6D000F2EA9 /* ShellScript */,
				OBJ_189 /* Sources */,
				OBJ_191 /* Frameworks */,
			);
			buildRules = (
			);
			dependencies = (
				OBJ_194 /* PBXTargetDependency */,
				A908307325D2870F0065D1D9 /* PBXTargetDependency */,
			);
			name = AccountSDKIOSWebKeychainTests;
			productName = AccountSDKIOSKeychainTests;
			productReference = "AccountSDKIOSWeb::AccountSDKIOSKeychainTests::Product" /* AccountSDKIOSKeychainTests.xctest */;
			productType = "com.apple.product-type.bundle.unit-test";
		};
		"AccountSDKIOSWeb::AccountSDKIOSWeb" /* AccountSDKIOSWeb */ = {
			isa = PBXNativeTarget;
			buildConfigurationList = OBJ_198 /* Build configuration list for PBXNativeTarget "AccountSDKIOSWeb" */;
			buildPhases = (
				OBJ_201 /* Sources */,
				OBJ_225 /* Frameworks */,
				24460E242732A543001CAB4D /* Resources */,
			);
			buildRules = (
			);
			dependencies = (
			);
			name = AccountSDKIOSWeb;
			packageProductDependencies = (
				A994206D2575594300513EED /* JOSESwift */,
				A908307A25D287490065D1D9 /* Logging */,
			);
			productName = AccountSDKIOSWeb;
			productReference = "AccountSDKIOSWeb::AccountSDKIOSWeb::Product" /* AccountSDKIOSWeb.framework */;
			productType = "com.apple.product-type.framework";
		};
		"AccountSDKIOSWeb::AccountSDKIOSWebTests" /* AccountSDKIOSWebTests */ = {
			isa = PBXNativeTarget;
			buildConfigurationList = OBJ_241 /* Build configuration list for PBXNativeTarget "AccountSDKIOSWebTests" */;
			buildPhases = (
				CE754A58271030DF000F2EA9 /* ShellScript */,
				OBJ_244 /* Sources */,
				OBJ_258 /* Frameworks */,
				A93EFD1026329F06008200D1 /* Resources */,
			);
			buildRules = (
			);
			dependencies = (
				OBJ_264 /* PBXTargetDependency */,
			);
			name = AccountSDKIOSWebTests;
			packageProductDependencies = (
				A99420822575597800513EED /* Cuckoo */,
			);
			productName = AccountSDKIOSWebTests;
			productReference = "AccountSDKIOSWeb::AccountSDKIOSWebTests::Product" /* AccountSDKIOSWebTests.xctest */;
			productType = "com.apple.product-type.bundle.unit-test";
		};
		"AccountSDKIOSWeb::SwiftPMPackageDescription" /* AccountSDKIOSWebPackageDescription */ = {
			isa = PBXNativeTarget;
			buildConfigurationList = OBJ_229 /* Build configuration list for PBXNativeTarget "AccountSDKIOSWebPackageDescription" */;
			buildPhases = (
				OBJ_232 /* Sources */,
			);
			buildRules = (
			);
			dependencies = (
			);
			name = AccountSDKIOSWebPackageDescription;
			productName = AccountSDKIOSWebPackageDescription;
			productType = "com.apple.product-type.framework";
		};
/* End PBXNativeTarget section */

/* Begin PBXProject section */
		OBJ_1 /* Project object */ = {
			isa = PBXProject;
			attributes = {
				LastSwiftMigration = 9999;
				LastSwiftUpdateCheck = 1220;
				LastUpgradeCheck = 1320;
				TargetAttributes = {
					A9941FD4257523C400513EED = {
						CreatedOnToolsVersion = 12.2;
						ProvisioningStyle = Automatic;
					};
					"AccountSDKIOSWeb::AccountSDKIOSKeychainTests" = {
						TestTargetID = A9941FD4257523C400513EED;
					};
				};
			};
			buildConfigurationList = OBJ_2 /* Build configuration list for PBXProject "AccountSDKIOSWeb" */;
			compatibilityVersion = "Xcode 3.2";
			developmentRegion = en;
			hasScannedForEncodings = 0;
			knownRegions = (
				en,
				sv,
				Base,
				nb,
				fi,
				da,
			);
			mainGroup = OBJ_5;
			packageReferences = (
				A994206C2575594300513EED /* XCRemoteSwiftPackageReference "JOSESwift" */,
				A99420812575597800513EED /* XCRemoteSwiftPackageReference "Cuckoo" */,
				A908307925D287490065D1D9 /* XCRemoteSwiftPackageReference "swift-log" */,
			);
			productRefGroup = OBJ_172 /* Products */;
			projectDirPath = "";
			projectRoot = "";
			targets = (
				"AccountSDKIOSWeb::AccountSDKIOSKeychainTests" /* AccountSDKIOSWebKeychainTests */,
				"AccountSDKIOSWeb::AccountSDKIOSWeb" /* AccountSDKIOSWeb */,
				"AccountSDKIOSWeb::SwiftPMPackageDescription" /* AccountSDKIOSWebPackageDescription */,
				"AccountSDKIOSWeb::AccountSDKIOSWebTests" /* AccountSDKIOSWebTests */,
				A9941FD4257523C400513EED /* TestHost */,
			);
		};
/* End PBXProject section */

/* Begin PBXResourcesBuildPhase section */
		24460E242732A543001CAB4D /* Resources */ = {
			isa = PBXResourcesBuildPhase;
			buildActionMask = 2147483647;
			files = (
				CE5225D42747D6C9009E015E /* Assets.xcassets in Resources */,
				243BFAD62750D75A00382494 /* Localizable.strings in Resources */,
				243BFAC32750C62500382494 /* Localizable.strings in Resources */,
				243BFACC2750D68400382494 /* Localizable.strings in Resources */,
				243BFAD52750D75A00382494 /* Localizable.strings in Resources */,
				243BFAC72750C67000382494 /* Localizable.strings in Resources */,
			);
			runOnlyForDeploymentPostprocessing = 0;
		};
		A93EFD1026329F06008200D1 /* Resources */ = {
			isa = PBXResourcesBuildPhase;
			buildActionMask = 2147483647;
			files = (
				A93EFD1126329F31008200D1 /* user-profile-response.json in Resources */,
			);
			runOnlyForDeploymentPostprocessing = 0;
		};
		A9941FD3257523C400513EED /* Resources */ = {
			isa = PBXResourcesBuildPhase;
			buildActionMask = 2147483647;
			files = (
				A9941FDF257523C800513EED /* Preview Assets.xcassets in Resources */,
				A9941FDC257523C800513EED /* Assets.xcassets in Resources */,
			);
			runOnlyForDeploymentPostprocessing = 0;
		};
/* End PBXResourcesBuildPhase section */

/* Begin PBXShellScriptBuildPhase section */
		CE754A5527102F6D000F2EA9 /* ShellScript */ = {
			isa = PBXShellScriptBuildPhase;
			buildActionMask = 2147483647;
			files = (
			);
			inputFileListPaths = (
			);
			inputPaths = (
			);
			outputFileListPaths = (
			);
			outputPaths = (
				"",
				"$(SRCROOT)/Tests/AccountSDKIOSWebTests/GeneratedMocks.swift",
			);
			runOnlyForDeploymentPostprocessing = 0;
			shellPath = /bin/sh;
			shellScript = "./generate_mocks.sh\n";
		};
		CE754A58271030DF000F2EA9 /* ShellScript */ = {
			isa = PBXShellScriptBuildPhase;
			buildActionMask = 2147483647;
			files = (
			);
			inputFileListPaths = (
			);
			inputPaths = (
			);
			outputFileListPaths = (
			);
			outputPaths = (
				"$(SRCROOT)/Tests/AccountSDKIOSWebTests/GeneratedMocks.swift",
			);
			runOnlyForDeploymentPostprocessing = 0;
			shellPath = /bin/sh;
			shellScript = "./generate_mocks.sh\n";
		};
/* End PBXShellScriptBuildPhase section */

/* Begin PBXSourcesBuildPhase section */
		A9941FD1257523C400513EED /* Sources */ = {
			isa = PBXSourcesBuildPhase;
			buildActionMask = 2147483647;
			files = (
				A9941FDA257523C400513EED /* ContentView.swift in Sources */,
				A9941FD8257523C400513EED /* TestHostApp.swift in Sources */,
			);
			runOnlyForDeploymentPostprocessing = 0;
		};
		OBJ_189 /* Sources */ = {
			isa = PBXSourcesBuildPhase;
			buildActionMask = 0;
			files = (
				CE699DD42732A8D4009EE30D /* KeychainTests.swift in Sources */,
			);
			runOnlyForDeploymentPostprocessing = 0;
		};
		OBJ_201 /* Sources */ = {
			isa = PBXSourcesBuildPhase;
			buildActionMask = 0;
			files = (
				2489C9BF26733A0900AA0A4C /* URLSessionProtocol.swift in Sources */,
				2489C9BB26733A0900AA0A4C /* HTTPUtil.swift in Sources */,
				24EB14882679DB3A002D9628 /* SignatureValidationError.swift in Sources */,
				24209498273D0269004CF03D /* FooterView.swift in Sources */,
				24209497273D0266004CF03D /* UserInformationView.swift in Sources */,
				2489C9BD26733A0900AA0A4C /* HTTPClientWithURLSession.swift in Sources */,
				CEDC45DC27463BE90060EDA2 /* SimplifiedLoginUIFactory.swift in Sources */,
				24AE1A3E26A5972600865A68 /* HTTPURLResponse+Extensions.swift in Sources */,
				24EB151F267A17A0002D9628 /* LoginStateError.swift in Sources */,
				2489C9BE26733A0900AA0A4C /* HTTPClient.swift in Sources */,
				24EB14952679DBB9002D9628 /* IdTokenValidationError.swift in Sources */,
				CE3E9871277C9A7A00B2F403 /* UIWindow+VisibleVC.swift in Sources */,
				2489C9C226733A0900AA0A4C /* RefreshTokenError.swift in Sources */,
				CE079FD827ABF7F9009CD898 /* UIFont+Bold.swift in Sources */,
				2449DD5026775B6300FE7197 /* URLBuilder.swift in Sources */,
				CEE91D4927A8212500A71061 /* SchibstedColor.swift in Sources */,
				2489C9AD26733A0900AA0A4C /* AuthState.swift in Sources */,
				244EAACA275A26DA008A1285 /* SimplifiedLoginFetcher.swift in Sources */,
				2489C9C026733A0900AA0A4C /* SchibstedAccountAPIResponses.swift in Sources */,
				CEDC45E027463D6C0060EDA2 /* SimplifiedLoginViewModel.swift in Sources */,
				2489C9A926733A0900AA0A4C /* LoginError.swift in Sources */,
				243BFAD82750F20700382494 /* String+Localization.swift in Sources */,
				2489C9BA26733A0900AA0A4C /* Client.swift in Sources */,
				24EB1563267A2354002D9628 /* IdTokenClaims.swift in Sources */,
				24EB14F92679F882002D9628 /* NoRetries.swift in Sources */,
				2489C9AF26733A0900AA0A4C /* JWKS.swift in Sources */,
				CEC8D35D27329F830002145D /* KeychainStorage.swift in Sources */,
				2489C9B026733A0900AA0A4C /* Storage.swift in Sources */,
				2489C9B926733A0900AA0A4C /* URLExtensions.swift in Sources */,
				2412D14F274BB714001F71A5 /* SimplifiedLoginManager.swift in Sources */,
				24EB14702679D8C8002D9628 /* MFAType.swift in Sources */,
				2489C9BC26733A0900AA0A4C /* RetryPolicy.swift in Sources */,
				2472EA2F275E98C50037433D /* DataModels.swift in Sources */,
				CEB3F82827295F4F009F440C /* AuthenticatedURLSession.swift in Sources */,
				2489C9B426733A0900AA0A4C /* MigratingKeychainCompatStorage.swift in Sources */,
				CE99896A270EFE0800CB9E95 /* KeychainStorageError.swift in Sources */,
				246B035A27071E6E0041F15A /* Client+AppTransfer.swift in Sources */,
				CE6AB47D276A2A7300E11A16 /* SharedKeychainSessionStorageFactory.swift in Sources */,
				2489C9B826733A0900AA0A4C /* SessionStorage.swift in Sources */,
				2472EA2C275E057A0037433D /* LocalizationAssets.swift in Sources */,
				24844039269347C500CE88F2 /* MulticastDelegate.swift in Sources */,
				24209496273D025E004CF03D /* SimplifiedLoginViewController.swift in Sources */,
				24EB1506267A0E44002D9628 /* APIRetryPolicy.swift in Sources */,
				248440172692E97700CE88F2 /* ClientConfiguration.swift in Sources */,
				2489C9B326733A0900AA0A4C /* LegacyKeychainSessionStorage.swift in Sources */,
				24EB1512267A10C7002D9628 /* InternalSchibstedAccountAPIResponses.swift in Sources */,
				2489C9A526733A0900AA0A4C /* TokenHandler.swift in Sources */,
				CE3E98962782E6C800B2F403 /* KeyWindow.swift in Sources */,
				CE99896C270EFEE200CB9E95 /* Result+VoidSuccess.swift in Sources */,
				2489C9AC26733A0900AA0A4C /* User.swift in Sources */,
				24EB1526267A17CC002D9628 /* HTTPError.swift in Sources */,
				24EB156F267A2482002D9628 /* IdTokenValidator.swift in Sources */,
				24209499273D026C004CF03D /* LinksView.swift in Sources */,
				2489C9B526733A0900AA0A4C /* LegacyKeychainTokenStorage.swift in Sources */,
				2489C9B226733A0900AA0A4C /* UserDefaultsStorage.swift in Sources */,
				2449DD312677527F00FE7197 /* URLBuilder+AuthorizationRequest.swift in Sources */,
				2489C9AB26733A0900AA0A4C /* Version.swift in Sources */,
				2489C9C126733A0900AA0A4C /* SchibstedAccountAPI.swift in Sources */,
				2489C9AA26733A0900AA0A4C /* Cache.swift in Sources */,
				2489C9AE26733A0900AA0A4C /* JOSEUtil.swift in Sources */,
				CEB631F92747C4B2009CE3B3 /* Bundle+AccountSDK.swift in Sources */,
				2489C9B726733A0900AA0A4C /* KeychainSessionStorage.swift in Sources */,
				2489C9B126733A0900AA0A4C /* StateStorage.swift in Sources */,
				2489C9A626733A0900AA0A4C /* Logging.swift in Sources */,
			);
			runOnlyForDeploymentPostprocessing = 0;
		};
		OBJ_232 /* Sources */ = {
			isa = PBXSourcesBuildPhase;
			buildActionMask = 0;
			files = (
				2459C7A126735C41007A373B /* Package.swift in Sources */,
			);
			runOnlyForDeploymentPostprocessing = 0;
		};
		OBJ_244 /* Sources */ = {
			isa = PBXSourcesBuildPhase;
			buildActionMask = 0;
			files = (
				244EAACC275A2E96008A1285 /* SessionStorageTests.swift in Sources */,
				243BA45F26982B7E00969355 /* MulticastDelegateTests.swift in Sources */,
				CE754A5727103071000F2EA9 /* GeneratedMocks.swift in Sources */,
				OBJ_245 /* Await.swift in Sources */,
				OBJ_246 /* ClientTests.swift in Sources */,
				OBJ_247 /* Fixtures.swift in Sources */,
				OBJ_249 /* HTTPUtilTests.swift in Sources */,
				CED92B79272C086200572645 /* XCTestCaseWithMockHTTPClient.swift in Sources */,
				CE699DD02732A2CC009EE30D /* KeychainStorageMock.swift in Sources */,
				OBJ_251 /* JOSEUtilTests.swift in Sources */,
				CE8D1B0827832E6C00EDFC04 /* SharedKeychainSessionStorageFactoryTests.swift in Sources */,
				OBJ_252 /* JWKSTests.swift in Sources */,
				OBJ_253 /* JOSEUtil.swift in Sources */,
				244EAAD0275A39A7008A1285 /* MockSessionStorageProtocol.swift in Sources */,
				CED185E42785A492001FB0F6 /* UIWindow+VisibleVCTests.swift in Sources */,
				CE5E5B472735416000E18EA7 /* LegacyKeychainTokenStorageTests.swift in Sources */,
				A95F1A0025826A59000D19F5 /* HTTPClientWithURLSessionTests.swift in Sources */,
				CED185E82785AD5A001FB0F6 /* SimplifiedLoginViewModelTests.swift in Sources */,
				24BF4C9E27282333008F11F3 /* TokenRefreshRequestHandlerTests.swift in Sources */,
				CEB3F82A272ACF2F009F440C /* AuthenticatedURLSessionTests.swift in Sources */,
				24240CA9278EDF9500544153 /* SimplifiedLoginManagerTests.swift in Sources */,
				A93EFCFE26316CFB008200D1 /* SchibstedAccountAPIResponsesTests.swift in Sources */,
				CED92B7B272C15D800572645 /* MockURLProtocol.swift in Sources */,
				OBJ_254 /* LegacyKeychainSessionStorageTests.swift in Sources */,
				2473CBA02678AED60001B861 /* URLBuilderTests.swift in Sources */,
				OBJ_255 /* MigratingKeychainCompatStorageTests.swift in Sources */,
				OBJ_256 /* StateStorageTests.swift in Sources */,
				A93EFCD42630131F008200D1 /* SchibstedAccountAPITests.swift in Sources */,
				A95F1A2025826AED000D19F5 /* IdTokenClaimsTests.swift in Sources */,
				OBJ_257 /* UserTests.swift in Sources */,
				A95F1A1F25826AED000D19F5 /* IdTokenValidatorTests.swift in Sources */,
			);
			runOnlyForDeploymentPostprocessing = 0;
		};
/* End PBXSourcesBuildPhase section */

/* Begin PBXTargetDependency section */
		A908307325D2870F0065D1D9 /* PBXTargetDependency */ = {
			isa = PBXTargetDependency;
			target = A9941FD4257523C400513EED /* TestHost */;
			targetProxy = A908307225D2870F0065D1D9 /* PBXContainerItemProxy */;
		};
		OBJ_194 /* PBXTargetDependency */ = {
			isa = PBXTargetDependency;
			target = "AccountSDKIOSWeb::AccountSDKIOSWeb" /* AccountSDKIOSWeb */;
			targetProxy = A9941F39257503F700513EED /* PBXContainerItemProxy */;
		};
		OBJ_264 /* PBXTargetDependency */ = {
			isa = PBXTargetDependency;
			target = "AccountSDKIOSWeb::AccountSDKIOSWeb" /* AccountSDKIOSWeb */;
			targetProxy = A9941F37257503F700513EED /* PBXContainerItemProxy */;
		};
/* End PBXTargetDependency section */

/* Begin PBXVariantGroup section */
		243BFAC12750C62500382494 /* Localizable.strings */ = {
			isa = PBXVariantGroup;
			children = (
				243BFAC22750C62500382494 /* sv */,
			);
			name = Localizable.strings;
			sourceTree = "<group>";
		};
		243BFAC52750C67000382494 /* Localizable.strings */ = {
			isa = PBXVariantGroup;
			children = (
				243BFAC62750C67000382494 /* en */,
			);
			name = Localizable.strings;
			sourceTree = "<group>";
		};
		243BFACA2750D68300382494 /* Localizable.strings */ = {
			isa = PBXVariantGroup;
			children = (
				243BFACB2750D68300382494 /* nb */,
			);
			name = Localizable.strings;
			sourceTree = "<group>";
		};
		243BFAD02750D75A00382494 /* Localizable.strings */ = {
			isa = PBXVariantGroup;
			children = (
				243BFAD12750D75A00382494 /* fi */,
			);
			name = Localizable.strings;
			sourceTree = "<group>";
		};
		243BFAD32750D75A00382494 /* Localizable.strings */ = {
			isa = PBXVariantGroup;
			children = (
				243BFAD42750D75A00382494 /* da */,
			);
			name = Localizable.strings;
			sourceTree = "<group>";
		};
/* End PBXVariantGroup section */

/* Begin XCBuildConfiguration section */
		A9941FE2257523C800513EED /* Debug */ = {
			isa = XCBuildConfiguration;
			buildSettings = {
				ALWAYS_SEARCH_USER_PATHS = NO;
				ASSETCATALOG_COMPILER_APPICON_NAME = AppIcon;
				ASSETCATALOG_COMPILER_GLOBAL_ACCENT_COLOR_NAME = AccentColor;
				CLANG_ANALYZER_NONNULL = YES;
				CLANG_ANALYZER_NUMBER_OBJECT_CONVERSION = YES_AGGRESSIVE;
				CLANG_CXX_LANGUAGE_STANDARD = "gnu++14";
				CLANG_CXX_LIBRARY = "libc++";
				CLANG_ENABLE_MODULES = YES;
				CLANG_ENABLE_OBJC_WEAK = YES;
				CLANG_WARN_BLOCK_CAPTURE_AUTORELEASING = YES;
				CLANG_WARN_BOOL_CONVERSION = YES;
				CLANG_WARN_COMMA = YES;
				CLANG_WARN_CONSTANT_CONVERSION = YES;
				CLANG_WARN_DEPRECATED_OBJC_IMPLEMENTATIONS = YES;
				CLANG_WARN_DIRECT_OBJC_ISA_USAGE = YES_ERROR;
				CLANG_WARN_DOCUMENTATION_COMMENTS = YES;
				CLANG_WARN_EMPTY_BODY = YES;
				CLANG_WARN_ENUM_CONVERSION = YES;
				CLANG_WARN_INFINITE_RECURSION = YES;
				CLANG_WARN_INT_CONVERSION = YES;
				CLANG_WARN_NON_LITERAL_NULL_CONVERSION = YES;
				CLANG_WARN_OBJC_IMPLICIT_RETAIN_SELF = YES;
				CLANG_WARN_OBJC_LITERAL_CONVERSION = YES;
				CLANG_WARN_OBJC_ROOT_CLASS = YES_ERROR;
				CLANG_WARN_QUOTED_INCLUDE_IN_FRAMEWORK_HEADER = YES;
				CLANG_WARN_RANGE_LOOP_ANALYSIS = YES;
				CLANG_WARN_STRICT_PROTOTYPES = YES;
				CLANG_WARN_SUSPICIOUS_MOVE = YES;
				CLANG_WARN_UNGUARDED_AVAILABILITY = YES_AGGRESSIVE;
				CLANG_WARN_UNREACHABLE_CODE = YES;
				CLANG_WARN__DUPLICATE_METHOD_MATCH = YES;
				CODE_SIGN_STYLE = Automatic;
				DEVELOPMENT_ASSET_PATHS = "\"TestHost/Preview Content\"";
				ENABLE_PREVIEWS = YES;
				ENABLE_STRICT_OBJC_MSGSEND = YES;
				ENABLE_TESTABILITY = YES;
				GCC_C_LANGUAGE_STANDARD = gnu11;
				GCC_DYNAMIC_NO_PIC = NO;
				GCC_NO_COMMON_BLOCKS = YES;
				GCC_PREPROCESSOR_DEFINITIONS = (
					"DEBUG=1",
					"$(inherited)",
				);
				GCC_WARN_64_TO_32_BIT_CONVERSION = YES;
				GCC_WARN_ABOUT_RETURN_TYPE = YES_ERROR;
				GCC_WARN_UNDECLARED_SELECTOR = YES;
				GCC_WARN_UNINITIALIZED_AUTOS = YES_AGGRESSIVE;
				GCC_WARN_UNUSED_FUNCTION = YES;
				GCC_WARN_UNUSED_VARIABLE = YES;
				INFOPLIST_FILE = TestHost/Info.plist;
				IPHONEOS_DEPLOYMENT_TARGET = 14.2;
				LD_RUNPATH_SEARCH_PATHS = (
					"$(inherited)",
					"@executable_path/Frameworks",
				);
				MTL_ENABLE_DEBUG_INFO = INCLUDE_SOURCE;
				MTL_FAST_MATH = YES;
				PRODUCT_BUNDLE_IDENTIFIER = com.schibsted.account.TestHost;
				PRODUCT_NAME = "$(TARGET_NAME)";
				SWIFT_ACTIVE_COMPILATION_CONDITIONS = DEBUG;
				SWIFT_VERSION = 5.0;
				TARGETED_DEVICE_FAMILY = "1,2";
			};
			name = Debug;
		};
		A9941FE3257523C800513EED /* Release */ = {
			isa = XCBuildConfiguration;
			buildSettings = {
				ALWAYS_SEARCH_USER_PATHS = NO;
				ASSETCATALOG_COMPILER_APPICON_NAME = AppIcon;
				ASSETCATALOG_COMPILER_GLOBAL_ACCENT_COLOR_NAME = AccentColor;
				CLANG_ANALYZER_NONNULL = YES;
				CLANG_ANALYZER_NUMBER_OBJECT_CONVERSION = YES_AGGRESSIVE;
				CLANG_CXX_LANGUAGE_STANDARD = "gnu++14";
				CLANG_CXX_LIBRARY = "libc++";
				CLANG_ENABLE_MODULES = YES;
				CLANG_ENABLE_OBJC_WEAK = YES;
				CLANG_WARN_BLOCK_CAPTURE_AUTORELEASING = YES;
				CLANG_WARN_BOOL_CONVERSION = YES;
				CLANG_WARN_COMMA = YES;
				CLANG_WARN_CONSTANT_CONVERSION = YES;
				CLANG_WARN_DEPRECATED_OBJC_IMPLEMENTATIONS = YES;
				CLANG_WARN_DIRECT_OBJC_ISA_USAGE = YES_ERROR;
				CLANG_WARN_DOCUMENTATION_COMMENTS = YES;
				CLANG_WARN_EMPTY_BODY = YES;
				CLANG_WARN_ENUM_CONVERSION = YES;
				CLANG_WARN_INFINITE_RECURSION = YES;
				CLANG_WARN_INT_CONVERSION = YES;
				CLANG_WARN_NON_LITERAL_NULL_CONVERSION = YES;
				CLANG_WARN_OBJC_IMPLICIT_RETAIN_SELF = YES;
				CLANG_WARN_OBJC_LITERAL_CONVERSION = YES;
				CLANG_WARN_OBJC_ROOT_CLASS = YES_ERROR;
				CLANG_WARN_QUOTED_INCLUDE_IN_FRAMEWORK_HEADER = YES;
				CLANG_WARN_RANGE_LOOP_ANALYSIS = YES;
				CLANG_WARN_STRICT_PROTOTYPES = YES;
				CLANG_WARN_SUSPICIOUS_MOVE = YES;
				CLANG_WARN_UNGUARDED_AVAILABILITY = YES_AGGRESSIVE;
				CLANG_WARN_UNREACHABLE_CODE = YES;
				CLANG_WARN__DUPLICATE_METHOD_MATCH = YES;
				CODE_SIGN_STYLE = Automatic;
				COPY_PHASE_STRIP = NO;
				DEVELOPMENT_ASSET_PATHS = "\"TestHost/Preview Content\"";
				ENABLE_NS_ASSERTIONS = NO;
				ENABLE_PREVIEWS = YES;
				ENABLE_STRICT_OBJC_MSGSEND = YES;
				GCC_C_LANGUAGE_STANDARD = gnu11;
				GCC_NO_COMMON_BLOCKS = YES;
				GCC_WARN_64_TO_32_BIT_CONVERSION = YES;
				GCC_WARN_ABOUT_RETURN_TYPE = YES_ERROR;
				GCC_WARN_UNDECLARED_SELECTOR = YES;
				GCC_WARN_UNINITIALIZED_AUTOS = YES_AGGRESSIVE;
				GCC_WARN_UNUSED_FUNCTION = YES;
				GCC_WARN_UNUSED_VARIABLE = YES;
				INFOPLIST_FILE = TestHost/Info.plist;
				IPHONEOS_DEPLOYMENT_TARGET = 14.2;
				LD_RUNPATH_SEARCH_PATHS = (
					"$(inherited)",
					"@executable_path/Frameworks",
				);
				MTL_ENABLE_DEBUG_INFO = NO;
				MTL_FAST_MATH = YES;
				PRODUCT_BUNDLE_IDENTIFIER = com.schibsted.account.TestHost;
				PRODUCT_NAME = "$(TARGET_NAME)";
				SWIFT_VERSION = 5.0;
				TARGETED_DEVICE_FAMILY = "1,2";
				VALIDATE_PRODUCT = YES;
			};
			name = Release;
		};
		OBJ_187 /* Debug */ = {
			isa = XCBuildConfiguration;
			buildSettings = {
				ALWAYS_EMBED_SWIFT_STANDARD_LIBRARIES = YES;
				CLANG_ENABLE_MODULES = YES;
				FRAMEWORK_SEARCH_PATHS = (
					"$(inherited)",
					"$(PLATFORM_DIR)/Developer/Library/Frameworks",
				);
				HEADER_SEARCH_PATHS = "$(inherited)";
				INFOPLIST_FILE = AccountSDKIOSWeb.xcodeproj/AccountSDKIOSKeychainTests_Info.plist;
				IPHONEOS_DEPLOYMENT_TARGET = 14.0;
				LD_RUNPATH_SEARCH_PATHS = (
					"$(inherited)",
					"@loader_path/../Frameworks",
					"@loader_path/Frameworks",
				);
				MACOSX_DEPLOYMENT_TARGET = 10.15;
				OTHER_CFLAGS = "$(inherited)";
				OTHER_LDFLAGS = "$(inherited)";
				OTHER_SWIFT_FLAGS = "$(inherited)";
				SWIFT_ACTIVE_COMPILATION_CONDITIONS = "$(inherited)";
				SWIFT_VERSION = 5.0;
				TARGET_NAME = AccountSDKIOSKeychainTests;
				TEST_HOST = "$(BUILT_PRODUCTS_DIR)/TestHost.app/TestHost";
				TVOS_DEPLOYMENT_TARGET = 12.0;
				WATCHOS_DEPLOYMENT_TARGET = 2.0;
			};
			name = Debug;
		};
		OBJ_188 /* Release */ = {
			isa = XCBuildConfiguration;
			buildSettings = {
				ALWAYS_EMBED_SWIFT_STANDARD_LIBRARIES = YES;
				CLANG_ENABLE_MODULES = YES;
				FRAMEWORK_SEARCH_PATHS = (
					"$(inherited)",
					"$(PLATFORM_DIR)/Developer/Library/Frameworks",
				);
				HEADER_SEARCH_PATHS = "$(inherited)";
				INFOPLIST_FILE = AccountSDKIOSWeb.xcodeproj/AccountSDKIOSKeychainTests_Info.plist;
				IPHONEOS_DEPLOYMENT_TARGET = 14.0;
				LD_RUNPATH_SEARCH_PATHS = (
					"$(inherited)",
					"@loader_path/../Frameworks",
					"@loader_path/Frameworks",
				);
				MACOSX_DEPLOYMENT_TARGET = 10.15;
				OTHER_CFLAGS = "$(inherited)";
				OTHER_LDFLAGS = "$(inherited)";
				OTHER_SWIFT_FLAGS = "$(inherited)";
				SWIFT_ACTIVE_COMPILATION_CONDITIONS = "$(inherited)";
				SWIFT_VERSION = 5.0;
				TARGET_NAME = AccountSDKIOSKeychainTests;
				TEST_HOST = "$(BUILT_PRODUCTS_DIR)/TestHost.app/TestHost";
				TVOS_DEPLOYMENT_TARGET = 12.0;
				WATCHOS_DEPLOYMENT_TARGET = 2.0;
			};
			name = Release;
		};
		OBJ_199 /* Debug */ = {
			isa = XCBuildConfiguration;
			buildSettings = {
				ENABLE_TESTABILITY = YES;
				FRAMEWORK_SEARCH_PATHS = (
					"$(inherited)",
					"$(PLATFORM_DIR)/Developer/Library/Frameworks",
				);
				HEADER_SEARCH_PATHS = "$(inherited)";
				INFOPLIST_FILE = AccountSDKIOSWeb.xcodeproj/AccountSDKIOSWeb_Info.plist;
				IPHONEOS_DEPLOYMENT_TARGET = 12.1;
				LD_RUNPATH_SEARCH_PATHS = (
					"$(inherited)",
					"$(TOOLCHAIN_DIR)/usr/lib/swift/macosx",
				);
				MACOSX_DEPLOYMENT_TARGET = 10.10;
				OTHER_CFLAGS = "$(inherited)";
				OTHER_LDFLAGS = "$(inherited)";
				OTHER_SWIFT_FLAGS = "$(inherited)";
				PRODUCT_BUNDLE_IDENTIFIER = AccountSDKIOSWeb;
				PRODUCT_MODULE_NAME = "$(TARGET_NAME:c99extidentifier)";
				PRODUCT_NAME = "$(TARGET_NAME:c99extidentifier)";
				SKIP_INSTALL = YES;
				SWIFT_ACTIVE_COMPILATION_CONDITIONS = "$(inherited)";
				SWIFT_VERSION = 5.0;
				TARGET_NAME = AccountSDKIOSWeb;
				TVOS_DEPLOYMENT_TARGET = 12.0;
				WATCHOS_DEPLOYMENT_TARGET = 2.0;
			};
			name = Debug;
		};
		OBJ_200 /* Release */ = {
			isa = XCBuildConfiguration;
			buildSettings = {
				ENABLE_TESTABILITY = YES;
				FRAMEWORK_SEARCH_PATHS = (
					"$(inherited)",
					"$(PLATFORM_DIR)/Developer/Library/Frameworks",
				);
				HEADER_SEARCH_PATHS = "$(inherited)";
				INFOPLIST_FILE = AccountSDKIOSWeb.xcodeproj/AccountSDKIOSWeb_Info.plist;
				IPHONEOS_DEPLOYMENT_TARGET = 12.1;
				LD_RUNPATH_SEARCH_PATHS = (
					"$(inherited)",
					"$(TOOLCHAIN_DIR)/usr/lib/swift/macosx",
				);
				MACOSX_DEPLOYMENT_TARGET = 10.10;
				OTHER_CFLAGS = "$(inherited)";
				OTHER_LDFLAGS = "$(inherited)";
				OTHER_SWIFT_FLAGS = "$(inherited)";
				PRODUCT_BUNDLE_IDENTIFIER = AccountSDKIOSWeb;
				PRODUCT_MODULE_NAME = "$(TARGET_NAME:c99extidentifier)";
				PRODUCT_NAME = "$(TARGET_NAME:c99extidentifier)";
				SKIP_INSTALL = YES;
				SWIFT_ACTIVE_COMPILATION_CONDITIONS = "$(inherited)";
				SWIFT_VERSION = 5.0;
				TARGET_NAME = AccountSDKIOSWeb;
				TVOS_DEPLOYMENT_TARGET = 12.0;
				WATCHOS_DEPLOYMENT_TARGET = 2.0;
			};
			name = Release;
		};
		OBJ_230 /* Debug */ = {
			isa = XCBuildConfiguration;
			buildSettings = {
				LD = /usr/bin/true;
				OTHER_SWIFT_FLAGS = "-swift-version 5 -I $(TOOLCHAIN_DIR)/usr/lib/swift/pm/4_2 -sdk /Applications/Xcode.app/Contents/Developer/Platforms/MacOSX.platform/Developer/SDKs/MacOSX11.0.sdk -package-description-version 5.3.0";
				SWIFT_VERSION = 5.0;
			};
			name = Debug;
		};
		OBJ_231 /* Release */ = {
			isa = XCBuildConfiguration;
			buildSettings = {
				LD = /usr/bin/true;
				OTHER_SWIFT_FLAGS = "-swift-version 5 -I $(TOOLCHAIN_DIR)/usr/lib/swift/pm/4_2 -sdk /Applications/Xcode.app/Contents/Developer/Platforms/MacOSX.platform/Developer/SDKs/MacOSX11.0.sdk -package-description-version 5.3.0";
				SWIFT_VERSION = 5.0;
			};
			name = Release;
		};
		OBJ_242 /* Debug */ = {
			isa = XCBuildConfiguration;
			buildSettings = {
				ALWAYS_EMBED_SWIFT_STANDARD_LIBRARIES = YES;
				CLANG_ENABLE_MODULES = YES;
				FRAMEWORK_SEARCH_PATHS = (
					"$(inherited)",
					"$(PLATFORM_DIR)/Developer/Library/Frameworks",
				);
				HEADER_SEARCH_PATHS = "$(inherited)";
				INFOPLIST_FILE = AccountSDKIOSWeb.xcodeproj/AccountSDKIOSWebTests_Info.plist;
				IPHONEOS_DEPLOYMENT_TARGET = 14.2;
				LD_RUNPATH_SEARCH_PATHS = (
					"$(inherited)",
					"@loader_path/../Frameworks",
					"@loader_path/Frameworks",
				);
				MACOSX_DEPLOYMENT_TARGET = 10.15;
				OTHER_CFLAGS = "$(inherited)";
				OTHER_LDFLAGS = "$(inherited)";
				OTHER_SWIFT_FLAGS = "$(inherited)";
				SUPPORTED_PLATFORMS = "iphonesimulator iphoneos";
				SWIFT_ACTIVE_COMPILATION_CONDITIONS = "$(inherited)";
				SWIFT_VERSION = 5.0;
				TARGET_NAME = AccountSDKIOSWebTests;
				TVOS_DEPLOYMENT_TARGET = 12.0;
				WATCHOS_DEPLOYMENT_TARGET = 2.0;
			};
			name = Debug;
		};
		OBJ_243 /* Release */ = {
			isa = XCBuildConfiguration;
			buildSettings = {
				ALWAYS_EMBED_SWIFT_STANDARD_LIBRARIES = YES;
				CLANG_ENABLE_MODULES = YES;
				FRAMEWORK_SEARCH_PATHS = (
					"$(inherited)",
					"$(PLATFORM_DIR)/Developer/Library/Frameworks",
				);
				HEADER_SEARCH_PATHS = "$(inherited)";
				INFOPLIST_FILE = AccountSDKIOSWeb.xcodeproj/AccountSDKIOSWebTests_Info.plist;
				IPHONEOS_DEPLOYMENT_TARGET = 14.2;
				LD_RUNPATH_SEARCH_PATHS = (
					"$(inherited)",
					"@loader_path/../Frameworks",
					"@loader_path/Frameworks",
				);
				MACOSX_DEPLOYMENT_TARGET = 10.15;
				OTHER_CFLAGS = "$(inherited)";
				OTHER_LDFLAGS = "$(inherited)";
				OTHER_SWIFT_FLAGS = "$(inherited)";
				SUPPORTED_PLATFORMS = "iphonesimulator iphoneos";
				SWIFT_ACTIVE_COMPILATION_CONDITIONS = "$(inherited)";
				SWIFT_VERSION = 5.0;
				TARGET_NAME = AccountSDKIOSWebTests;
				TVOS_DEPLOYMENT_TARGET = 12.0;
				WATCHOS_DEPLOYMENT_TARGET = 2.0;
			};
			name = Release;
		};
		OBJ_3 /* Debug */ = {
			isa = XCBuildConfiguration;
			buildSettings = {
				CLANG_ANALYZER_LOCALIZABILITY_NONLOCALIZED = YES;
				CLANG_ENABLE_OBJC_ARC = YES;
				CLANG_WARN_BLOCK_CAPTURE_AUTORELEASING = YES;
				CLANG_WARN_BOOL_CONVERSION = YES;
				CLANG_WARN_COMMA = YES;
				CLANG_WARN_CONSTANT_CONVERSION = YES;
				CLANG_WARN_DEPRECATED_OBJC_IMPLEMENTATIONS = YES;
				CLANG_WARN_EMPTY_BODY = YES;
				CLANG_WARN_ENUM_CONVERSION = YES;
				CLANG_WARN_INFINITE_RECURSION = YES;
				CLANG_WARN_INT_CONVERSION = YES;
				CLANG_WARN_NON_LITERAL_NULL_CONVERSION = YES;
				CLANG_WARN_OBJC_IMPLICIT_RETAIN_SELF = YES;
				CLANG_WARN_OBJC_LITERAL_CONVERSION = YES;
				CLANG_WARN_QUOTED_INCLUDE_IN_FRAMEWORK_HEADER = YES;
				CLANG_WARN_RANGE_LOOP_ANALYSIS = YES;
				CLANG_WARN_STRICT_PROTOTYPES = YES;
				CLANG_WARN_SUSPICIOUS_MOVE = YES;
				CLANG_WARN_UNREACHABLE_CODE = YES;
				CLANG_WARN__DUPLICATE_METHOD_MATCH = YES;
				COMBINE_HIDPI_IMAGES = YES;
				COPY_PHASE_STRIP = NO;
				DEBUG_INFORMATION_FORMAT = dwarf;
				DYLIB_INSTALL_NAME_BASE = "@rpath";
				ENABLE_NS_ASSERTIONS = YES;
				ENABLE_STRICT_OBJC_MSGSEND = YES;
				ENABLE_TESTABILITY = YES;
				GCC_NO_COMMON_BLOCKS = YES;
				GCC_OPTIMIZATION_LEVEL = 0;
				GCC_PREPROCESSOR_DEFINITIONS = (
					"$(inherited)",
					"SWIFT_PACKAGE=1",
					"DEBUG=1",
				);
				GCC_WARN_64_TO_32_BIT_CONVERSION = YES;
				GCC_WARN_ABOUT_RETURN_TYPE = YES;
				GCC_WARN_UNDECLARED_SELECTOR = YES;
				GCC_WARN_UNINITIALIZED_AUTOS = YES;
				GCC_WARN_UNUSED_FUNCTION = YES;
				GCC_WARN_UNUSED_VARIABLE = YES;
				MACOSX_DEPLOYMENT_TARGET = 10.10;
				ONLY_ACTIVE_ARCH = YES;
				OTHER_SWIFT_FLAGS = "$(inherited) -DXcode";
				PRODUCT_NAME = "$(TARGET_NAME)";
				SDKROOT = iphoneos;
				SUPPORTED_PLATFORMS = "macosx iphoneos iphonesimulator appletvos appletvsimulator watchos watchsimulator";
				SWIFT_ACTIVE_COMPILATION_CONDITIONS = "$(inherited) SWIFT_PACKAGE DEBUG";
				SWIFT_OPTIMIZATION_LEVEL = "-Onone";
				USE_HEADERMAP = NO;
			};
			name = Debug;
		};
		OBJ_4 /* Release */ = {
			isa = XCBuildConfiguration;
			buildSettings = {
				CLANG_ANALYZER_LOCALIZABILITY_NONLOCALIZED = YES;
				CLANG_ENABLE_OBJC_ARC = YES;
				CLANG_WARN_BLOCK_CAPTURE_AUTORELEASING = YES;
				CLANG_WARN_BOOL_CONVERSION = YES;
				CLANG_WARN_COMMA = YES;
				CLANG_WARN_CONSTANT_CONVERSION = YES;
				CLANG_WARN_DEPRECATED_OBJC_IMPLEMENTATIONS = YES;
				CLANG_WARN_EMPTY_BODY = YES;
				CLANG_WARN_ENUM_CONVERSION = YES;
				CLANG_WARN_INFINITE_RECURSION = YES;
				CLANG_WARN_INT_CONVERSION = YES;
				CLANG_WARN_NON_LITERAL_NULL_CONVERSION = YES;
				CLANG_WARN_OBJC_IMPLICIT_RETAIN_SELF = YES;
				CLANG_WARN_OBJC_LITERAL_CONVERSION = YES;
				CLANG_WARN_QUOTED_INCLUDE_IN_FRAMEWORK_HEADER = YES;
				CLANG_WARN_RANGE_LOOP_ANALYSIS = YES;
				CLANG_WARN_STRICT_PROTOTYPES = YES;
				CLANG_WARN_SUSPICIOUS_MOVE = YES;
				CLANG_WARN_UNREACHABLE_CODE = YES;
				CLANG_WARN__DUPLICATE_METHOD_MATCH = YES;
				COMBINE_HIDPI_IMAGES = YES;
				COPY_PHASE_STRIP = YES;
				DEBUG_INFORMATION_FORMAT = "dwarf-with-dsym";
				DYLIB_INSTALL_NAME_BASE = "@rpath";
				ENABLE_STRICT_OBJC_MSGSEND = YES;
				GCC_NO_COMMON_BLOCKS = YES;
				GCC_OPTIMIZATION_LEVEL = s;
				GCC_PREPROCESSOR_DEFINITIONS = (
					"$(inherited)",
					"SWIFT_PACKAGE=1",
				);
				GCC_WARN_64_TO_32_BIT_CONVERSION = YES;
				GCC_WARN_ABOUT_RETURN_TYPE = YES;
				GCC_WARN_UNDECLARED_SELECTOR = YES;
				GCC_WARN_UNINITIALIZED_AUTOS = YES;
				GCC_WARN_UNUSED_FUNCTION = YES;
				GCC_WARN_UNUSED_VARIABLE = YES;
				MACOSX_DEPLOYMENT_TARGET = 10.10;
				OTHER_SWIFT_FLAGS = "$(inherited) -DXcode";
				PRODUCT_NAME = "$(TARGET_NAME)";
				SDKROOT = iphoneos;
				SUPPORTED_PLATFORMS = "macosx iphoneos iphonesimulator appletvos appletvsimulator watchos watchsimulator";
				SWIFT_ACTIVE_COMPILATION_CONDITIONS = "$(inherited) SWIFT_PACKAGE";
				SWIFT_COMPILATION_MODE = wholemodule;
				SWIFT_OPTIMIZATION_LEVEL = "-O";
				USE_HEADERMAP = NO;
			};
			name = Release;
		};
/* End XCBuildConfiguration section */

/* Begin XCConfigurationList section */
		A9941FE1257523C800513EED /* Build configuration list for PBXNativeTarget "TestHost" */ = {
			isa = XCConfigurationList;
			buildConfigurations = (
				A9941FE2257523C800513EED /* Debug */,
				A9941FE3257523C800513EED /* Release */,
			);
			defaultConfigurationIsVisible = 0;
			defaultConfigurationName = Release;
		};
		OBJ_186 /* Build configuration list for PBXNativeTarget "AccountSDKIOSWebKeychainTests" */ = {
			isa = XCConfigurationList;
			buildConfigurations = (
				OBJ_187 /* Debug */,
				OBJ_188 /* Release */,
			);
			defaultConfigurationIsVisible = 0;
			defaultConfigurationName = Release;
		};
		OBJ_198 /* Build configuration list for PBXNativeTarget "AccountSDKIOSWeb" */ = {
			isa = XCConfigurationList;
			buildConfigurations = (
				OBJ_199 /* Debug */,
				OBJ_200 /* Release */,
			);
			defaultConfigurationIsVisible = 0;
			defaultConfigurationName = Release;
		};
		OBJ_2 /* Build configuration list for PBXProject "AccountSDKIOSWeb" */ = {
			isa = XCConfigurationList;
			buildConfigurations = (
				OBJ_3 /* Debug */,
				OBJ_4 /* Release */,
			);
			defaultConfigurationIsVisible = 0;
			defaultConfigurationName = Release;
		};
		OBJ_229 /* Build configuration list for PBXNativeTarget "AccountSDKIOSWebPackageDescription" */ = {
			isa = XCConfigurationList;
			buildConfigurations = (
				OBJ_230 /* Debug */,
				OBJ_231 /* Release */,
			);
			defaultConfigurationIsVisible = 0;
			defaultConfigurationName = Release;
		};
		OBJ_241 /* Build configuration list for PBXNativeTarget "AccountSDKIOSWebTests" */ = {
			isa = XCConfigurationList;
			buildConfigurations = (
				OBJ_242 /* Debug */,
				OBJ_243 /* Release */,
			);
			defaultConfigurationIsVisible = 0;
			defaultConfigurationName = Release;
		};
/* End XCConfigurationList section */

/* Begin XCRemoteSwiftPackageReference section */
		A908307925D287490065D1D9 /* XCRemoteSwiftPackageReference "swift-log" */ = {
			isa = XCRemoteSwiftPackageReference;
			repositoryURL = "https://github.com/apple/swift-log.git";
			requirement = {
				kind = upToNextMajorVersion;
				minimumVersion = 1.4.0;
			};
		};
		A994206C2575594300513EED /* XCRemoteSwiftPackageReference "JOSESwift" */ = {
			isa = XCRemoteSwiftPackageReference;
			repositoryURL = "https://github.com/airsidemobile/JOSESwift.git";
			requirement = {
				kind = upToNextMajorVersion;
				minimumVersion = 2.3.0;
			};
		};
		A99420812575597800513EED /* XCRemoteSwiftPackageReference "Cuckoo" */ = {
			isa = XCRemoteSwiftPackageReference;
			repositoryURL = "https://github.com/Brightify/Cuckoo.git";
			requirement = {
				kind = upToNextMajorVersion;
				minimumVersion = 1.4.1;
			};
		};
/* End XCRemoteSwiftPackageReference section */

/* Begin XCSwiftPackageProductDependency section */
		A908307A25D287490065D1D9 /* Logging */ = {
			isa = XCSwiftPackageProductDependency;
			package = A908307925D287490065D1D9 /* XCRemoteSwiftPackageReference "swift-log" */;
			productName = Logging;
		};
		A994206D2575594300513EED /* JOSESwift */ = {
			isa = XCSwiftPackageProductDependency;
			package = A994206C2575594300513EED /* XCRemoteSwiftPackageReference "JOSESwift" */;
			productName = JOSESwift;
		};
		A99420822575597800513EED /* Cuckoo */ = {
			isa = XCSwiftPackageProductDependency;
			package = A99420812575597800513EED /* XCRemoteSwiftPackageReference "Cuckoo" */;
			productName = Cuckoo;
		};
/* End XCSwiftPackageProductDependency section */
	};
	rootObject = OBJ_1 /* Project object */;
}
